{
  "version": 4,
  "terraform_version": "1.12.0",
  "serial": 29,
  "lineage": "b67addd9-5a73-8c4f-0aec-1708f41b0a9d",
  "outputs": {
    "cloudwatch_dashboard_url": {
      "value": "https://us-east-1.console.aws.amazon.com/cloudwatch/home?region=us-east-1#dashboards:name=service-ticket-system-dev-dashboard",
      "type": "string"
    },
    "database_endpoint": {
      "value": "service-ticket-system-dev-aurora-cluster.cluster-c2nwaac8sy9m.us-east-1.rds.amazonaws.com",
      "type": "string",
      "sensitive": true
    },
    "database_reader_endpoint": {
      "value": "service-ticket-system-dev-aurora-cluster.cluster-ro-c2nwaac8sy9m.us-east-1.rds.amazonaws.com",
      "type": "string",
      "sensitive": true
    },
    "ecr_repositories": {
      "value": {
        "api": "891819783983.dkr.ecr.us-east-1.amazonaws.com/service-ticket-system-dev-api",
        "web": "891819783983.dkr.ecr.us-east-1.amazonaws.com/service-ticket-system-dev-web"
      },
      "type": [
        "object",
        {
          "api": "string",
          "web": "string"
        }
      ]
    },
    "ecs_cluster_name": {
      "value": "service-ticket-system-dev-cluster",
      "type": "string"
    },
    "ecs_service_names": {
      "value": {
        "api": "service-ticket-system-dev-api",
        "frontend": "service-ticket-system-dev-frontend"
      },
      "type": [
        "object",
        {
          "api": "string",
          "frontend": "string"
        }
      ]
    },
    "redis_endpoint": {
      "value": "service-ticket-system-dev-redis.r0gmvv.ng.0001.use1.cache.amazonaws.com",
      "type": "string",
      "sensitive": true
    }
  },
  "resources": [
    {
      "mode": "data",
      "type": "aws_availability_zones",
      "name": "available",
      "provider": "provider[\"registry.terraform.io/hashicorp/aws\"]",
      "instances": [
        {
          "schema_version": 0,
          "attributes": {
            "all_availability_zones": null,
            "exclude_names": null,
            "exclude_zone_ids": null,
            "filter": null,
            "group_names": [
              "us-east-1-zg-1"
            ],
            "id": "us-east-1",
            "names": [
              "us-east-1a",
              "us-east-1b",
              "us-east-1c",
              "us-east-1d",
              "us-east-1e",
              "us-east-1f"
            ],
            "state": "available",
            "timeouts": null,
            "zone_ids": [
              "use1-az1",
              "use1-az2",
              "use1-az4",
              "use1-az6",
              "use1-az3",
              "use1-az5"
            ]
          },
          "sensitive_attributes": [],
          "identity_schema_version": 0
        }
      ]
    },
    {
      "mode": "data",
      "type": "aws_caller_identity",
      "name": "current",
      "provider": "provider[\"registry.terraform.io/hashicorp/aws\"]",
      "instances": [
        {
          "schema_version": 0,
          "attributes": {
            "account_id": "891819783983",
            "arn": "arn:aws:iam::891819783983:user/kroking",
            "id": "891819783983",
            "user_id": "AIDA47JEZ64X7IGWIPPNY"
          },
          "sensitive_attributes": [],
          "identity_schema_version": 0
        }
      ]
    },
    {
      "mode": "managed",
      "type": "aws_s3_bucket",
      "name": "build_artifacts",
      "provider": "provider[\"registry.terraform.io/hashicorp/aws\"]",
      "instances": [
        {
          "schema_version": 0,
          "attributes": {
            "acceleration_status": "",
            "acl": null,
            "arn": "arn:aws:s3:::service-ticket-system-dev-build-artifacts-t6z8lkd4",
            "bucket": "service-ticket-system-dev-build-artifacts-t6z8lkd4",
            "bucket_domain_name": "service-ticket-system-dev-build-artifacts-t6z8lkd4.s3.amazonaws.com",
            "bucket_prefix": "",
            "bucket_regional_domain_name": "service-ticket-system-dev-build-artifacts-t6z8lkd4.s3.us-east-1.amazonaws.com",
            "cors_rule": [],
            "force_destroy": false,
            "grant": [
              {
                "id": "9b8d911609c8d1fba92181f6914a2031bc8af7b8a7542e0473b18d9e98064e59",
                "permissions": [
                  "FULL_CONTROL"
                ],
                "type": "CanonicalUser",
                "uri": ""
              }
            ],
            "hosted_zone_id": "Z3AQBSTGFYJSTF",
            "id": "service-ticket-system-dev-build-artifacts-t6z8lkd4",
            "lifecycle_rule": [],
            "logging": [],
            "object_lock_configuration": [],
            "object_lock_enabled": false,
            "policy": "",
            "region": "us-east-1",
            "replication_configuration": [],
            "request_payer": "BucketOwner",
            "server_side_encryption_configuration": [
              {
                "rule": [
                  {
                    "apply_server_side_encryption_by_default": [
                      {
                        "kms_master_key_id": "",
                        "sse_algorithm": "AES256"
                      }
                    ],
                    "bucket_key_enabled": false
                  }
                ]
              }
            ],
            "tags": {
              "Environment": "dev",
              "ManagedBy": "terraform",
              "Name": "service-ticket-system-dev-build-artifacts-bucket",
              "Project": "service-ticket-system"
            },
            "tags_all": {
              "Environment": "dev",
              "ManagedBy": "terraform",
              "Name": "service-ticket-system-dev-build-artifacts-bucket",
              "Project": "service-ticket-system"
            },
            "timeouts": null,
            "versioning": [
              {
                "enabled": false,
                "mfa_delete": false
              }
            ],
            "website": [],
            "website_domain": null,
            "website_endpoint": null
          },
          "sensitive_attributes": [],
          "identity_schema_version": 0,
          "private": "eyJlMmJmYjczMC1lY2FhLTExZTYtOGY4OC0zNDM2M2JjN2M0YzAiOnsiY3JlYXRlIjoxMjAwMDAwMDAwMDAwLCJkZWxldGUiOjM2MDAwMDAwMDAwMDAsInJlYWQiOjEyMDAwMDAwMDAwMDAsInVwZGF0ZSI6MTIwMDAwMDAwMDAwMH19",
          "dependencies": [
            "random_string.artifacts_suffix"
          ]
        }
      ]
    },
    {
      "mode": "managed",
      "type": "random_string",
      "name": "artifacts_suffix",
      "provider": "provider[\"registry.terraform.io/hashicorp/random\"]",
      "instances": [
        {
          "schema_version": 2,
          "attributes": {
            "id": "t6z8lkd4",
            "keepers": null,
            "length": 8,
            "lower": true,
            "min_lower": 0,
            "min_numeric": 0,
            "min_special": 0,
            "min_upper": 0,
            "number": true,
            "numeric": true,
            "override_special": null,
            "result": "t6z8lkd4",
            "special": false,
            "upper": false
          },
          "sensitive_attributes": [],
          "identity_schema_version": 0
        }
      ]
    },
    {
      "module": "module.alb",
      "mode": "managed",
      "type": "aws_lb_target_group",
      "name": "api",
      "provider": "provider[\"registry.terraform.io/hashicorp/aws\"]",
      "instances": [
        {
          "schema_version": 0,
          "attributes": {
            "arn": "arn:aws:elasticloadbalancing:us-east-1:891819783983:targetgroup/service-ticket-system-dev-api-tg/c48f8b12a6cc9c55",
            "arn_suffix": "targetgroup/service-ticket-system-dev-api-tg/c48f8b12a6cc9c55",
            "connection_termination": null,
            "deregistration_delay": "30",
            "health_check": [
              {
                "enabled": true,
                "healthy_threshold": 2,
                "interval": 30,
                "matcher": "200",
                "path": "/api/v1/health",
                "port": "traffic-port",
                "protocol": "HTTP",
                "timeout": 5,
                "unhealthy_threshold": 2
              }
            ],
            "id": "arn:aws:elasticloadbalancing:us-east-1:891819783983:targetgroup/service-ticket-system-dev-api-tg/c48f8b12a6cc9c55",
            "ip_address_type": "ipv4",
            "lambda_multi_value_headers_enabled": false,
            "load_balancer_arns": [],
            "load_balancing_algorithm_type": "round_robin",
            "load_balancing_anomaly_mitigation": "off",
            "load_balancing_cross_zone_enabled": "use_load_balancer_configuration",
            "name": "service-ticket-system-dev-api-tg",
            "name_prefix": "",
            "port": 3001,
            "preserve_client_ip": null,
            "protocol": "HTTP",
            "protocol_version": "HTTP1",
            "proxy_protocol_v2": false,
            "slow_start": 0,
            "stickiness": [
              {
                "cookie_duration": 86400,
                "cookie_name": "",
                "enabled": false,
                "type": "lb_cookie"
              }
            ],
            "tags": {
              "Environment": "dev",
              "ManagedBy": "terraform",
              "Name": "service-ticket-system-dev-api-target-group",
              "Project": "service-ticket-system"
            },
            "tags_all": {
              "Environment": "dev",
              "ManagedBy": "terraform",
              "Name": "service-ticket-system-dev-api-target-group",
              "Project": "service-ticket-system"
            },
            "target_failover": [
              {
                "on_deregistration": null,
                "on_unhealthy": null
              }
            ],
            "target_group_health": [
              {
                "dns_failover": [
                  {
                    "minimum_healthy_targets_count": "1",
                    "minimum_healthy_targets_percentage": "off"
                  }
                ],
                "unhealthy_state_routing": [
                  {
                    "minimum_healthy_targets_count": 1,
                    "minimum_healthy_targets_percentage": "off"
                  }
                ]
              }
            ],
            "target_health_state": [
              {
                "enable_unhealthy_connection_termination": null,
                "unhealthy_draining_interval": null
              }
            ],
            "target_type": "ip",
            "vpc_id": "vpc-0c6f9d9f788c0992c"
          },
          "sensitive_attributes": [],
          "identity_schema_version": 0,
          "private": "bnVsbA==",
          "dependencies": [
            "module.networking.aws_vpc.main"
          ]
        }
      ]
    },
    {
      "module": "module.alb",
      "mode": "managed",
      "type": "aws_lb_target_group",
      "name": "web",
      "provider": "provider[\"registry.terraform.io/hashicorp/aws\"]",
      "instances": [
        {
          "schema_version": 0,
          "attributes": {
            "arn": "arn:aws:elasticloadbalancing:us-east-1:891819783983:targetgroup/service-ticket-system-dev-web-tg/5cc6824c897bd48c",
            "arn_suffix": "targetgroup/service-ticket-system-dev-web-tg/5cc6824c897bd48c",
            "connection_termination": null,
            "deregistration_delay": "30",
            "health_check": [
              {
                "enabled": true,
                "healthy_threshold": 2,
                "interval": 30,
                "matcher": "200",
                "path": "/",
                "port": "traffic-port",
                "protocol": "HTTP",
                "timeout": 5,
                "unhealthy_threshold": 2
              }
            ],
            "id": "arn:aws:elasticloadbalancing:us-east-1:891819783983:targetgroup/service-ticket-system-dev-web-tg/5cc6824c897bd48c",
            "ip_address_type": "ipv4",
            "lambda_multi_value_headers_enabled": false,
            "load_balancer_arns": [],
            "load_balancing_algorithm_type": "round_robin",
            "load_balancing_anomaly_mitigation": "off",
            "load_balancing_cross_zone_enabled": "use_load_balancer_configuration",
            "name": "service-ticket-system-dev-web-tg",
            "name_prefix": "",
            "port": 80,
            "preserve_client_ip": null,
            "protocol": "HTTP",
            "protocol_version": "HTTP1",
            "proxy_protocol_v2": false,
            "slow_start": 0,
            "stickiness": [
              {
                "cookie_duration": 86400,
                "cookie_name": "",
                "enabled": false,
                "type": "lb_cookie"
              }
            ],
            "tags": {
              "Environment": "dev",
              "ManagedBy": "terraform",
              "Name": "service-ticket-system-dev-web-target-group",
              "Project": "service-ticket-system"
            },
            "tags_all": {
              "Environment": "dev",
              "ManagedBy": "terraform",
              "Name": "service-ticket-system-dev-web-target-group",
              "Project": "service-ticket-system"
            },
            "target_failover": [
              {
                "on_deregistration": null,
                "on_unhealthy": null
              }
            ],
            "target_group_health": [
              {
                "dns_failover": [
                  {
                    "minimum_healthy_targets_count": "1",
                    "minimum_healthy_targets_percentage": "off"
                  }
                ],
                "unhealthy_state_routing": [
                  {
                    "minimum_healthy_targets_count": 1,
                    "minimum_healthy_targets_percentage": "off"
                  }
                ]
              }
            ],
            "target_health_state": [
              {
                "enable_unhealthy_connection_termination": null,
                "unhealthy_draining_interval": null
              }
            ],
            "target_type": "ip",
            "vpc_id": "vpc-0c6f9d9f788c0992c"
          },
          "sensitive_attributes": [],
          "identity_schema_version": 0,
          "private": "bnVsbA==",
          "dependencies": [
            "module.networking.aws_vpc.main"
          ]
        }
      ]
    },
    {
      "module": "module.cache",
      "mode": "managed",
      "type": "aws_appautoscaling_policy",
      "name": "redis_scale_down",
      "provider": "provider[\"registry.terraform.io/hashicorp/aws\"]",
      "instances": []
    },
    {
      "module": "module.cache",
      "mode": "managed",
      "type": "aws_appautoscaling_policy",
      "name": "redis_scale_up",
      "provider": "provider[\"registry.terraform.io/hashicorp/aws\"]",
      "instances": []
    },
    {
      "module": "module.cache",
      "mode": "managed",
      "type": "aws_appautoscaling_target",
      "name": "redis",
      "provider": "provider[\"registry.terraform.io/hashicorp/aws\"]",
      "instances": []
    },
    {
      "module": "module.cache",
      "mode": "managed",
      "type": "aws_cloudwatch_log_group",
      "name": "redis_slow",
      "provider": "provider[\"registry.terraform.io/hashicorp/aws\"]",
      "instances": [
        {
          "schema_version": 0,
          "attributes": {
            "arn": "arn:aws:logs:us-east-1:891819783983:log-group:/aws/elasticache/redis/service-ticket-system-dev/slow-log",
            "id": "/aws/elasticache/redis/service-ticket-system-dev/slow-log",
            "kms_key_id": "",
            "log_group_class": "STANDARD",
            "name": "/aws/elasticache/redis/service-ticket-system-dev/slow-log",
            "name_prefix": "",
            "retention_in_days": 7,
            "skip_destroy": false,
            "tags": {
              "Environment": "dev",
              "ManagedBy": "terraform",
              "Name": "service-ticket-system-dev-redis-slow-log",
              "Project": "service-ticket-system"
            },
            "tags_all": {
              "Environment": "dev",
              "ManagedBy": "terraform",
              "Name": "service-ticket-system-dev-redis-slow-log",
              "Project": "service-ticket-system"
            }
          },
          "sensitive_attributes": [],
          "identity_schema_version": 0,
          "private": "bnVsbA=="
        }
      ]
    },
    {
      "module": "module.cache",
      "mode": "managed",
      "type": "aws_elasticache_parameter_group",
      "name": "main",
      "provider": "provider[\"registry.terraform.io/hashicorp/aws\"]",
      "instances": [
        {
          "schema_version": 0,
          "attributes": {
            "arn": "arn:aws:elasticache:us-east-1:891819783983:parametergroup:service-ticket-system-dev-redis-params",
            "description": "Managed by Terraform",
            "family": "redis7",
            "id": "service-ticket-system-dev-redis-params",
            "name": "service-ticket-system-dev-redis-params",
            "parameter": [
              {
                "name": "maxmemory-policy",
                "value": "allkeys-lru"
              }
            ],
            "tags": {
              "Environment": "dev",
              "ManagedBy": "terraform",
              "Name": "service-ticket-system-dev-redis-parameter-group",
              "Project": "service-ticket-system"
            },
            "tags_all": {
              "Environment": "dev",
              "ManagedBy": "terraform",
              "Name": "service-ticket-system-dev-redis-parameter-group",
              "Project": "service-ticket-system"
            }
          },
          "sensitive_attributes": [],
          "identity_schema_version": 0,
          "private": "bnVsbA=="
        }
      ]
    },
    {
      "module": "module.cache",
      "mode": "managed",
      "type": "aws_elasticache_replication_group",
      "name": "main",
      "provider": "provider[\"registry.terraform.io/hashicorp/aws\"]",
      "instances": [
        {
          "schema_version": 2,
          "attributes": {
            "apply_immediately": null,
            "arn": "arn:aws:elasticache:us-east-1:891819783983:replicationgroup:service-ticket-system-dev-redis",
            "at_rest_encryption_enabled": "true",
            "auth_token": "",
            "auth_token_update_strategy": "ROTATE",
            "auto_minor_version_upgrade": "true",
            "automatic_failover_enabled": false,
            "cluster_enabled": false,
            "cluster_mode": "disabled",
            "configuration_endpoint_address": null,
            "data_tiering_enabled": false,
            "description": "Redis cluster for service-ticket-system-dev",
            "engine": "redis",
            "engine_version": "7.1",
            "engine_version_actual": "7.1.0",
            "final_snapshot_identifier": null,
            "global_replication_group_id": null,
            "id": "service-ticket-system-dev-redis",
            "ip_discovery": "ipv4",
            "kms_key_id": "",
            "log_delivery_configuration": [
              {
                "destination": "/aws/elasticache/redis/service-ticket-system-dev/slow-log",
                "destination_type": "cloudwatch-logs",
                "log_format": "text",
                "log_type": "slow-log"
              }
            ],
            "maintenance_window": "sun:05:00-sun:07:00",
            "member_clusters": [
              "service-ticket-system-dev-redis-001"
            ],
            "multi_az_enabled": false,
            "network_type": "ipv4",
            "node_type": "cache.t3.micro",
            "notification_topic_arn": null,
            "num_cache_clusters": 1,
            "num_node_groups": 1,
            "parameter_group_name": "service-ticket-system-dev-redis-params",
            "port": 6379,
            "preferred_cache_cluster_azs": null,
            "primary_endpoint_address": "service-ticket-system-dev-redis.r0gmvv.ng.0001.use1.cache.amazonaws.com",
            "reader_endpoint_address": "service-ticket-system-dev-redis-ro.r0gmvv.ng.0001.use1.cache.amazonaws.com",
            "replicas_per_node_group": 0,
            "replication_group_id": "service-ticket-system-dev-redis",
            "security_group_ids": [
              "sg-098a78145f7488802"
            ],
            "security_group_names": [],
            "snapshot_arns": null,
            "snapshot_name": null,
            "snapshot_retention_limit": 5,
            "snapshot_window": "03:00-05:00",
            "subnet_group_name": "service-ticket-system-dev-cache-subnet-group",
            "tags": {
              "Environment": "dev",
              "ManagedBy": "terraform",
              "Name": "service-ticket-system-dev-redis-cluster",
              "Project": "service-ticket-system"
            },
            "tags_all": {
              "Environment": "dev",
              "ManagedBy": "terraform",
              "Name": "service-ticket-system-dev-redis-cluster",
              "Project": "service-ticket-system"
            },
            "timeouts": null,
            "transit_encryption_enabled": false,
            "transit_encryption_mode": "",
            "user_group_ids": []
          },
          "sensitive_attributes": [
            [
              {
                "type": "get_attr",
                "value": "auth_token"
              }
            ]
          ],
          "identity_schema_version": 0,
          "private": "eyJlMmJmYjczMC1lY2FhLTExZTYtOGY4OC0zNDM2M2JjN2M0YzAiOnsiY3JlYXRlIjozNjAwMDAwMDAwMDAwLCJkZWxldGUiOjI3MDAwMDAwMDAwMDAsInVwZGF0ZSI6MjQwMDAwMDAwMDAwMH0sInNjaGVtYV92ZXJzaW9uIjoiMiJ9",
          "dependencies": [
            "data.aws_availability_zones.available",
            "module.cache.aws_cloudwatch_log_group.redis_slow",
            "module.cache.aws_elasticache_parameter_group.main",
            "module.cache.aws_elasticache_subnet_group.main",
            "module.networking.aws_security_group.alb",
            "module.networking.aws_security_group.cache",
            "module.networking.aws_security_group.ecs",
            "module.networking.aws_subnet.private",
            "module.networking.aws_vpc.main"
          ]
        }
      ]
    },
    {
      "module": "module.cache",
      "mode": "managed",
      "type": "aws_elasticache_subnet_group",
      "name": "main",
      "provider": "provider[\"registry.terraform.io/hashicorp/aws\"]",
      "instances": [
        {
          "schema_version": 0,
          "attributes": {
            "arn": "arn:aws:elasticache:us-east-1:891819783983:subnetgroup:service-ticket-system-dev-cache-subnet-group",
            "description": "Managed by Terraform",
            "id": "service-ticket-system-dev-cache-subnet-group",
            "name": "service-ticket-system-dev-cache-subnet-group",
            "subnet_ids": [
              "subnet-021d953934279eeda",
              "subnet-071bd61cd9240bba7",
              "subnet-07ebd9a7e21be6af7"
            ],
            "tags": {
              "Environment": "dev",
              "ManagedBy": "terraform",
              "Name": "service-ticket-system-dev-cache-subnet-group",
              "Project": "service-ticket-system"
            },
            "tags_all": {
              "Environment": "dev",
              "ManagedBy": "terraform",
              "Name": "service-ticket-system-dev-cache-subnet-group",
              "Project": "service-ticket-system"
            },
            "vpc_id": "vpc-0c6f9d9f788c0992c"
          },
          "sensitive_attributes": [],
          "identity_schema_version": 0,
          "private": "bnVsbA==",
          "dependencies": [
            "data.aws_availability_zones.available",
            "module.networking.aws_subnet.private",
            "module.networking.aws_vpc.main"
          ]
        }
      ]
    },
    {
      "module": "module.database",
      "mode": "managed",
      "type": "aws_cloudwatch_log_group",
      "name": "aurora",
      "provider": "provider[\"registry.terraform.io/hashicorp/aws\"]",
      "instances": [
        {
          "schema_version": 0,
          "attributes": {
            "arn": "arn:aws:logs:us-east-1:891819783983:log-group:/aws/rds/cluster/service-ticket-system-dev-aurora-cluster/postgresql",
            "id": "/aws/rds/cluster/service-ticket-system-dev-aurora-cluster/postgresql",
            "kms_key_id": "",
            "log_group_class": "STANDARD",
            "name": "/aws/rds/cluster/service-ticket-system-dev-aurora-cluster/postgresql",
            "name_prefix": "",
            "retention_in_days": 7,
            "skip_destroy": false,
            "tags": {
              "Environment": "dev",
              "ManagedBy": "terraform",
              "Name": "service-ticket-system-dev-aurora-logs",
              "Project": "service-ticket-system"
            },
            "tags_all": {
              "Environment": "dev",
              "ManagedBy": "terraform",
              "Name": "service-ticket-system-dev-aurora-logs",
              "Project": "service-ticket-system"
            }
          },
          "sensitive_attributes": [],
          "identity_schema_version": 0,
          "private": "bnVsbA=="
        }
      ]
    },
    {
      "module": "module.database",
      "mode": "managed",
      "type": "aws_db_subnet_group",
      "name": "main",
      "provider": "provider[\"registry.terraform.io/hashicorp/aws\"]",
      "instances": [
        {
          "schema_version": 0,
          "attributes": {
            "arn": "arn:aws:rds:us-east-1:891819783983:subgrp:service-ticket-system-dev-db-subnet-group",
            "description": "Managed by Terraform",
            "id": "service-ticket-system-dev-db-subnet-group",
            "name": "service-ticket-system-dev-db-subnet-group",
            "name_prefix": "",
            "subnet_ids": [
              "subnet-021d953934279eeda",
              "subnet-071bd61cd9240bba7",
              "subnet-07ebd9a7e21be6af7"
            ],
            "supported_network_types": [
              "IPV4"
            ],
            "tags": {
              "Environment": "dev",
              "ManagedBy": "terraform",
              "Name": "service-ticket-system-dev-db-subnet-group",
              "Project": "service-ticket-system"
            },
            "tags_all": {
              "Environment": "dev",
              "ManagedBy": "terraform",
              "Name": "service-ticket-system-dev-db-subnet-group",
              "Project": "service-ticket-system"
            },
            "vpc_id": "vpc-0c6f9d9f788c0992c"
          },
          "sensitive_attributes": [],
          "identity_schema_version": 0,
          "private": "bnVsbA==",
          "dependencies": [
            "data.aws_availability_zones.available",
            "module.networking.aws_subnet.private",
            "module.networking.aws_vpc.main"
          ]
        }
      ]
    },
    {
      "module": "module.database",
      "mode": "managed",
      "type": "aws_iam_role",
      "name": "rds_enhanced_monitoring",
      "provider": "provider[\"registry.terraform.io/hashicorp/aws\"]",
      "instances": [
        {
          "schema_version": 0,
          "attributes": {
            "arn": "arn:aws:iam::891819783983:role/service-ticket-system-dev-rds-enhanced-monitoring",
            "assume_role_policy": "{\"Statement\":[{\"Action\":\"sts:AssumeRole\",\"Effect\":\"Allow\",\"Principal\":{\"Service\":\"monitoring.rds.amazonaws.com\"}}],\"Version\":\"2012-10-17\"}",
            "create_date": "2025-08-30T21:57:46Z",
            "description": "",
            "force_detach_policies": false,
            "id": "service-ticket-system-dev-rds-enhanced-monitoring",
            "inline_policy": [],
            "managed_policy_arns": [
              "arn:aws:iam::aws:policy/service-role/AmazonRDSEnhancedMonitoringRole"
            ],
            "max_session_duration": 3600,
            "name": "service-ticket-system-dev-rds-enhanced-monitoring",
            "name_prefix": "",
            "path": "/",
            "permissions_boundary": "",
            "tags": {
              "Environment": "dev",
              "ManagedBy": "terraform",
              "Name": "service-ticket-system-dev-rds-enhanced-monitoring-role",
              "Project": "service-ticket-system"
            },
            "tags_all": {
              "Environment": "dev",
              "ManagedBy": "terraform",
              "Name": "service-ticket-system-dev-rds-enhanced-monitoring-role",
              "Project": "service-ticket-system"
            },
            "unique_id": "AROA47JEZ64X7YTSDE5KY"
          },
          "sensitive_attributes": [],
          "identity_schema_version": 0,
          "private": "bnVsbA=="
        }
      ]
    },
    {
      "module": "module.database",
      "mode": "managed",
      "type": "aws_iam_role_policy_attachment",
      "name": "rds_enhanced_monitoring",
      "provider": "provider[\"registry.terraform.io/hashicorp/aws\"]",
      "instances": [
        {
          "schema_version": 0,
          "attributes": {
            "id": "service-ticket-system-dev-rds-enhanced-monitoring-20250830215750775300000004",
            "policy_arn": "arn:aws:iam::aws:policy/service-role/AmazonRDSEnhancedMonitoringRole",
            "role": "service-ticket-system-dev-rds-enhanced-monitoring"
          },
          "sensitive_attributes": [],
          "identity_schema_version": 0,
          "private": "bnVsbA==",
          "dependencies": [
            "module.database.aws_iam_role.rds_enhanced_monitoring"
          ]
        }
      ]
    },
    {
      "module": "module.database",
      "mode": "managed",
      "type": "aws_kms_alias",
      "name": "aurora",
      "provider": "provider[\"registry.terraform.io/hashicorp/aws\"]",
      "instances": [
        {
          "schema_version": 0,
          "attributes": {
            "arn": "arn:aws:kms:us-east-1:891819783983:alias/service-ticket-system-dev-aurora",
            "id": "alias/service-ticket-system-dev-aurora",
            "name": "alias/service-ticket-system-dev-aurora",
            "name_prefix": "",
            "target_key_arn": "arn:aws:kms:us-east-1:891819783983:key/16b62dd5-cc18-48d7-bdf1-3eb50b3eb6f1",
            "target_key_id": "16b62dd5-cc18-48d7-bdf1-3eb50b3eb6f1"
          },
          "sensitive_attributes": [],
          "identity_schema_version": 0,
          "private": "bnVsbA==",
          "dependencies": [
            "module.database.aws_kms_key.aurora"
          ]
        }
      ]
    },
    {
      "module": "module.database",
      "mode": "managed",
      "type": "aws_kms_key",
      "name": "aurora",
      "provider": "provider[\"registry.terraform.io/hashicorp/aws\"]",
      "instances": [
        {
          "schema_version": 0,
          "attributes": {
            "arn": "arn:aws:kms:us-east-1:891819783983:key/16b62dd5-cc18-48d7-bdf1-3eb50b3eb6f1",
            "bypass_policy_lockout_safety_check": false,
            "custom_key_store_id": "",
            "customer_master_key_spec": "SYMMETRIC_DEFAULT",
            "deletion_window_in_days": 7,
            "description": "KMS key for Aurora cluster encryption",
            "enable_key_rotation": false,
            "id": "16b62dd5-cc18-48d7-bdf1-3eb50b3eb6f1",
            "is_enabled": true,
            "key_id": "16b62dd5-cc18-48d7-bdf1-3eb50b3eb6f1",
            "key_usage": "ENCRYPT_DECRYPT",
            "multi_region": false,
            "policy": "{\"Id\":\"key-default-1\",\"Statement\":[{\"Action\":\"kms:*\",\"Effect\":\"Allow\",\"Principal\":{\"AWS\":\"arn:aws:iam::891819783983:root\"},\"Resource\":\"*\",\"Sid\":\"Enable IAM User Permissions\"}],\"Version\":\"2012-10-17\"}",
            "rotation_period_in_days": 0,
            "tags": {
              "Environment": "dev",
              "ManagedBy": "terraform",
              "Name": "service-ticket-system-dev-aurora-kms-key",
              "Project": "service-ticket-system"
            },
            "tags_all": {
              "Environment": "dev",
              "ManagedBy": "terraform",
              "Name": "service-ticket-system-dev-aurora-kms-key",
              "Project": "service-ticket-system"
            },
            "timeouts": null,
            "xks_key_id": ""
          },
          "sensitive_attributes": [],
          "identity_schema_version": 0,
          "private": "eyJlMmJmYjczMC1lY2FhLTExZTYtOGY4OC0zNDM2M2JjN2M0YzAiOnsiY3JlYXRlIjoxMjAwMDAwMDAwMDB9fQ=="
        }
      ]
    },
    {
      "module": "module.database",
      "mode": "managed",
      "type": "aws_rds_cluster",
      "name": "main",
      "provider": "provider[\"registry.terraform.io/hashicorp/aws\"]",
      "instances": [
        {
          "schema_version": 1,
          "attributes": {
            "allocated_storage": 1,
            "allow_major_version_upgrade": null,
            "apply_immediately": null,
            "arn": "arn:aws:rds:us-east-1:891819783983:cluster:service-ticket-system-dev-aurora-cluster",
            "availability_zones": [
              "us-east-1a",
              "us-east-1b",
              "us-east-1c"
            ],
            "backtrack_window": 0,
            "backup_retention_period": 7,
            "ca_certificate_identifier": null,
            "ca_certificate_valid_till": null,
            "cluster_identifier": "service-ticket-system-dev-aurora-cluster",
            "cluster_identifier_prefix": "",
            "cluster_members": [],
            "cluster_resource_id": "cluster-OY4BBCVGAKFZ2SRY4WWMRS2MKI",
            "cluster_scalability_type": "",
            "copy_tags_to_snapshot": false,
            "database_insights_mode": "standard",
            "database_name": "service_tickets_dev",
            "db_cluster_instance_class": "",
            "db_cluster_parameter_group_name": "service-ticket-system-dev-cluster-pg",
            "db_instance_parameter_group_name": null,
            "db_subnet_group_name": "service-ticket-system-dev-db-subnet-group",
            "db_system_id": "",
            "delete_automated_backups": true,
            "deletion_protection": false,
            "domain": "",
            "domain_iam_role_name": "",
            "enable_global_write_forwarding": false,
            "enable_http_endpoint": false,
            "enable_local_write_forwarding": false,
            "enabled_cloudwatch_logs_exports": [
              "postgresql"
            ],
            "endpoint": "service-ticket-system-dev-aurora-cluster.cluster-c2nwaac8sy9m.us-east-1.rds.amazonaws.com",
            "engine": "aurora-postgresql",
            "engine_lifecycle_support": "open-source-rds-extended-support",
            "engine_mode": "provisioned",
            "engine_version": "13.15",
            "engine_version_actual": "13.15",
            "final_snapshot_identifier": null,
            "global_cluster_identifier": "",
            "hosted_zone_id": "Z2R2ITUGPM61AM",
            "iam_database_authentication_enabled": false,
            "iam_roles": [],
            "id": "service-ticket-system-dev-aurora-cluster",
            "iops": 0,
            "kms_key_id": "arn:aws:kms:us-east-1:891819783983:key/16b62dd5-cc18-48d7-bdf1-3eb50b3eb6f1",
            "manage_master_user_password": null,
            "master_password": "Iwh=i8x\u003cYP=2upH:1=z\u003e\u003cRDPnp(\u003cD4Ua",
            "master_password_wo": null,
            "master_password_wo_version": null,
            "master_user_secret": [],
            "master_user_secret_kms_key_id": null,
            "master_username": "postgres",
            "monitoring_interval": 0,
            "monitoring_role_arn": "",
            "network_type": "IPV4",
            "performance_insights_enabled": false,
            "performance_insights_kms_key_id": "",
            "performance_insights_retention_period": 0,
            "port": 5432,
            "preferred_backup_window": "03:00-04:00",
            "preferred_maintenance_window": "sun:04:00-sun:05:00",
            "reader_endpoint": "service-ticket-system-dev-aurora-cluster.cluster-ro-c2nwaac8sy9m.us-east-1.rds.amazonaws.com",
            "replication_source_identifier": "",
            "restore_to_point_in_time": [],
            "s3_import": [],
            "scaling_configuration": [],
            "serverlessv2_scaling_configuration": [
              {
                "max_capacity": 2,
                "min_capacity": 0,
                "seconds_until_auto_pause": 300
              }
            ],
            "skip_final_snapshot": true,
            "snapshot_identifier": null,
            "source_region": null,
            "storage_encrypted": true,
            "storage_type": "",
            "tags": {
              "Environment": "dev",
              "ManagedBy": "terraform",
              "Name": "service-ticket-system-dev-aurora-cluster",
              "Project": "service-ticket-system"
            },
            "tags_all": {
              "Environment": "dev",
              "ManagedBy": "terraform",
              "Name": "service-ticket-system-dev-aurora-cluster",
              "Project": "service-ticket-system"
            },
            "timeouts": null,
            "vpc_security_group_ids": [
              "sg-0d0b977de92c40943"
            ]
          },
          "sensitive_attributes": [
            [
              {
                "type": "get_attr",
                "value": "master_password"
              }
            ],
            [
              {
                "type": "get_attr",
                "value": "master_password_wo"
              }
            ]
          ],
          "identity_schema_version": 0,
          "private": "eyJlMmJmYjczMC1lY2FhLTExZTYtOGY4OC0zNDM2M2JjN2M0YzAiOnsiY3JlYXRlIjo3MjAwMDAwMDAwMDAwLCJkZWxldGUiOjcyMDAwMDAwMDAwMDAsInVwZGF0ZSI6NzIwMDAwMDAwMDAwMH0sInNjaGVtYV92ZXJzaW9uIjoiMSJ9",
          "dependencies": [
            "data.aws_availability_zones.available",
            "module.database.aws_cloudwatch_log_group.aurora",
            "module.database.aws_db_subnet_group.main",
            "module.database.aws_kms_key.aurora",
            "module.database.aws_rds_cluster_parameter_group.main",
            "module.networking.aws_security_group.alb",
            "module.networking.aws_security_group.database",
            "module.networking.aws_security_group.ecs",
            "module.networking.aws_subnet.private",
            "module.networking.aws_vpc.main",
            "module.secrets.random_password.db_master_password"
          ]
        }
      ]
    },
    {
      "module": "module.database",
      "mode": "managed",
      "type": "aws_rds_cluster_instance",
      "name": "main",
      "provider": "provider[\"registry.terraform.io/hashicorp/aws\"]",
      "instances": [
        {
          "index_key": 0,
          "status": "tainted",
          "schema_version": 0,
          "attributes": {
            "apply_immediately": null,
            "arn": null,
            "auto_minor_version_upgrade": true,
            "availability_zone": null,
            "ca_cert_identifier": null,
            "cluster_identifier": "service-ticket-system-dev-aurora-cluster",
            "copy_tags_to_snapshot": false,
            "custom_iam_instance_profile": null,
            "db_parameter_group_name": null,
            "db_subnet_group_name": null,
            "dbi_resource_id": null,
            "endpoint": null,
            "engine": "aurora-postgresql",
            "engine_version": "13.15",
            "engine_version_actual": null,
            "force_destroy": false,
            "id": "service-ticket-system-dev-aurora-instance-1",
            "identifier": "service-ticket-system-dev-aurora-instance-1",
            "identifier_prefix": null,
            "instance_class": "db.serverless",
            "kms_key_id": null,
            "monitoring_interval": 60,
            "monitoring_role_arn": "arn:aws:iam::891819783983:role/service-ticket-system-dev-rds-enhanced-monitoring",
            "network_type": null,
            "performance_insights_enabled": true,
            "performance_insights_kms_key_id": null,
            "performance_insights_retention_period": null,
            "port": null,
            "preferred_backup_window": null,
            "preferred_maintenance_window": null,
            "promotion_tier": 0,
            "publicly_accessible": null,
            "storage_encrypted": null,
            "tags": {
              "Environment": "dev",
              "ManagedBy": "terraform",
              "Name": "service-ticket-system-dev-aurora-instance-1",
              "Project": "service-ticket-system"
            },
            "tags_all": {
              "Environment": "dev",
              "ManagedBy": "terraform",
              "Name": "service-ticket-system-dev-aurora-instance-1",
              "Project": "service-ticket-system"
            },
            "timeouts": null,
            "writer": null
          },
          "sensitive_attributes": [],
          "identity_schema_version": 0,
          "private": "eyJlMmJmYjczMC1lY2FhLTExZTYtOGY4OC0zNDM2M2JjN2M0YzAiOnsiY3JlYXRlIjo1NDAwMDAwMDAwMDAwLCJkZWxldGUiOjU0MDAwMDAwMDAwMDAsInVwZGF0ZSI6NTQwMDAwMDAwMDAwMH19",
          "dependencies": [
            "data.aws_availability_zones.available",
            "module.database.aws_cloudwatch_log_group.aurora",
            "module.database.aws_db_subnet_group.main",
            "module.database.aws_iam_role.rds_enhanced_monitoring",
            "module.database.aws_kms_key.aurora",
            "module.database.aws_rds_cluster.main",
            "module.database.aws_rds_cluster_parameter_group.main",
            "module.networking.aws_security_group.alb",
            "module.networking.aws_security_group.database",
            "module.networking.aws_security_group.ecs",
            "module.networking.aws_subnet.private",
            "module.networking.aws_vpc.main",
            "module.secrets.random_password.db_master_password"
          ]
        }
      ]
    },
    {
      "module": "module.database",
      "mode": "managed",
      "type": "aws_rds_cluster_parameter_group",
      "name": "main",
      "provider": "provider[\"registry.terraform.io/hashicorp/aws\"]",
      "instances": [
        {
          "schema_version": 0,
          "attributes": {
            "arn": "arn:aws:rds:us-east-1:891819783983:cluster-pg:service-ticket-system-dev-cluster-pg",
            "description": "Managed by Terraform",
            "family": "aurora-postgresql13",
            "id": "service-ticket-system-dev-cluster-pg",
            "name": "service-ticket-system-dev-cluster-pg",
            "name_prefix": "",
            "parameter": [
              {
                "apply_method": "immediate",
                "name": "log_min_duration_statement",
                "value": "1000"
              },
              {
                "apply_method": "immediate",
                "name": "log_statement",
                "value": "all"
              },
              {
                "apply_method": "immediate",
                "name": "shared_preload_libraries",
                "value": "pg_stat_statements"
              }
            ],
            "tags": {
              "Environment": "dev",
              "ManagedBy": "terraform",
              "Name": "service-ticket-system-dev-cluster-parameter-group",
              "Project": "service-ticket-system"
            },
            "tags_all": {
              "Environment": "dev",
              "ManagedBy": "terraform",
              "Name": "service-ticket-system-dev-cluster-parameter-group",
              "Project": "service-ticket-system"
            }
          },
          "sensitive_attributes": [],
          "identity_schema_version": 0,
          "private": "bnVsbA=="
        }
      ]
    },
    {
      "module": "module.ecr",
      "mode": "managed",
      "type": "aws_cloudwatch_event_rule",
      "name": "ecr_scan_results",
      "provider": "provider[\"registry.terraform.io/hashicorp/aws\"]",
      "instances": [
        {
          "schema_version": 1,
          "attributes": {
            "arn": "arn:aws:events:us-east-1:891819783983:rule/service-ticket-system-dev-ecr-scan-results",
            "description": "Capture ECR scan results",
            "event_bus_name": "default",
            "event_pattern": "{\"detail\":{\"scan-status\":[\"COMPLETE\"]},\"detail-type\":[\"ECR Image Scan\"],\"source\":[\"aws.ecr\"]}",
            "force_destroy": false,
            "id": "service-ticket-system-dev-ecr-scan-results",
            "is_enabled": true,
            "name": "service-ticket-system-dev-ecr-scan-results",
            "name_prefix": "",
            "role_arn": "",
            "schedule_expression": "",
            "state": "ENABLED",
            "tags": {
              "Environment": "dev",
              "ManagedBy": "terraform",
              "Name": "service-ticket-system-dev-ecr-scan-results-rule",
              "Project": "service-ticket-system"
            },
            "tags_all": {
              "Environment": "dev",
              "ManagedBy": "terraform",
              "Name": "service-ticket-system-dev-ecr-scan-results-rule",
              "Project": "service-ticket-system"
            }
          },
          "sensitive_attributes": [],
          "identity_schema_version": 0,
          "private": "eyJzY2hlbWFfdmVyc2lvbiI6IjEifQ=="
        }
      ]
    },
    {
      "module": "module.ecr",
      "mode": "managed",
      "type": "aws_cloudwatch_event_target",
      "name": "ecr_scan_results",
      "provider": "provider[\"registry.terraform.io/hashicorp/aws\"]",
      "instances": []
    },
    {
      "module": "module.ecr",
      "mode": "managed",
      "type": "aws_cloudwatch_log_group",
      "name": "ecr_scan_results",
      "provider": "provider[\"registry.terraform.io/hashicorp/aws\"]",
      "instances": [
        {
          "schema_version": 0,
          "attributes": {
            "arn": "arn:aws:logs:us-east-1:891819783983:log-group:/aws/ecr/service-ticket-system-dev/scan-results",
            "id": "/aws/ecr/service-ticket-system-dev/scan-results",
            "kms_key_id": "",
            "log_group_class": "STANDARD",
            "name": "/aws/ecr/service-ticket-system-dev/scan-results",
            "name_prefix": "",
            "retention_in_days": 7,
            "skip_destroy": false,
            "tags": {
              "Environment": "dev",
              "ManagedBy": "terraform",
              "Name": "service-ticket-system-dev-ecr-scan-results",
              "Project": "service-ticket-system"
            },
            "tags_all": {
              "Environment": "dev",
              "ManagedBy": "terraform",
              "Name": "service-ticket-system-dev-ecr-scan-results",
              "Project": "service-ticket-system"
            }
          },
          "sensitive_attributes": [],
          "identity_schema_version": 0,
          "private": "bnVsbA=="
        }
      ]
    },
    {
      "module": "module.ecr",
      "mode": "managed",
      "type": "aws_ecr_lifecycle_policy",
      "name": "repositories",
      "provider": "provider[\"registry.terraform.io/hashicorp/aws\"]",
      "instances": [
        {
          "index_key": "api",
          "schema_version": 0,
          "attributes": {
            "id": "service-ticket-system-dev-api",
            "policy": "{\"rules\":[{\"action\":{\"type\":\"expire\"},\"description\":\"Keep last 10 production images\",\"rulePriority\":1,\"selection\":{\"countNumber\":10,\"countType\":\"imageCountMoreThan\",\"tagPrefixList\":[\"prod\",\"production\"],\"tagStatus\":\"tagged\"}},{\"action\":{\"type\":\"expire\"},\"description\":\"Keep last 5 staging images\",\"rulePriority\":2,\"selection\":{\"countNumber\":5,\"countType\":\"imageCountMoreThan\",\"tagPrefixList\":[\"staging\",\"stage\"],\"tagStatus\":\"tagged\"}},{\"action\":{\"type\":\"expire\"},\"description\":\"Keep last 3 development images\",\"rulePriority\":3,\"selection\":{\"countNumber\":3,\"countType\":\"imageCountMoreThan\",\"tagPrefixList\":[\"dev\",\"development\"],\"tagStatus\":\"tagged\"}},{\"action\":{\"type\":\"expire\"},\"description\":\"Keep last 20 latest images\",\"rulePriority\":4,\"selection\":{\"countNumber\":20,\"countType\":\"imageCountMoreThan\",\"tagPrefixList\":[\"latest\"],\"tagStatus\":\"tagged\"}},{\"action\":{\"type\":\"expire\"},\"description\":\"Delete untagged images older than 1 day\",\"rulePriority\":5,\"selection\":{\"countNumber\":1,\"countType\":\"sinceImagePushed\",\"countUnit\":\"days\",\"tagStatus\":\"untagged\"}}]}",
            "registry_id": "891819783983",
            "repository": "service-ticket-system-dev-api"
          },
          "sensitive_attributes": [],
          "identity_schema_version": 0,
          "private": "bnVsbA==",
          "dependencies": [
            "module.ecr.aws_ecr_repository.repositories"
          ]
        },
        {
          "index_key": "web",
          "schema_version": 0,
          "attributes": {
            "id": "service-ticket-system-dev-web",
            "policy": "{\"rules\":[{\"action\":{\"type\":\"expire\"},\"description\":\"Keep last 10 production images\",\"rulePriority\":1,\"selection\":{\"countNumber\":10,\"countType\":\"imageCountMoreThan\",\"tagPrefixList\":[\"prod\",\"production\"],\"tagStatus\":\"tagged\"}},{\"action\":{\"type\":\"expire\"},\"description\":\"Keep last 5 staging images\",\"rulePriority\":2,\"selection\":{\"countNumber\":5,\"countType\":\"imageCountMoreThan\",\"tagPrefixList\":[\"staging\",\"stage\"],\"tagStatus\":\"tagged\"}},{\"action\":{\"type\":\"expire\"},\"description\":\"Keep last 3 development images\",\"rulePriority\":3,\"selection\":{\"countNumber\":3,\"countType\":\"imageCountMoreThan\",\"tagPrefixList\":[\"dev\",\"development\"],\"tagStatus\":\"tagged\"}},{\"action\":{\"type\":\"expire\"},\"description\":\"Keep last 20 latest images\",\"rulePriority\":4,\"selection\":{\"countNumber\":20,\"countType\":\"imageCountMoreThan\",\"tagPrefixList\":[\"latest\"],\"tagStatus\":\"tagged\"}},{\"action\":{\"type\":\"expire\"},\"description\":\"Delete untagged images older than 1 day\",\"rulePriority\":5,\"selection\":{\"countNumber\":1,\"countType\":\"sinceImagePushed\",\"countUnit\":\"days\",\"tagStatus\":\"untagged\"}}]}",
            "registry_id": "891819783983",
            "repository": "service-ticket-system-dev-web"
          },
          "sensitive_attributes": [],
          "identity_schema_version": 0,
          "private": "bnVsbA==",
          "dependencies": [
            "module.ecr.aws_ecr_repository.repositories"
          ]
        }
      ]
    },
    {
      "module": "module.ecr",
      "mode": "managed",
      "type": "aws_ecr_repository",
      "name": "repositories",
      "provider": "provider[\"registry.terraform.io/hashicorp/aws\"]",
      "instances": [
        {
          "index_key": "api",
          "schema_version": 0,
          "attributes": {
            "arn": "arn:aws:ecr:us-east-1:891819783983:repository/service-ticket-system-dev-api",
            "encryption_configuration": [
              {
                "encryption_type": "AES256",
                "kms_key": ""
              }
            ],
            "force_delete": null,
            "id": "service-ticket-system-dev-api",
            "image_scanning_configuration": [
              {
                "scan_on_push": true
              }
            ],
            "image_tag_mutability": "MUTABLE",
            "name": "service-ticket-system-dev-api",
            "registry_id": "891819783983",
            "repository_url": "891819783983.dkr.ecr.us-east-1.amazonaws.com/service-ticket-system-dev-api",
            "tags": {
              "Environment": "dev",
              "ManagedBy": "terraform",
              "Name": "service-ticket-system-dev-api-ecr",
              "Project": "service-ticket-system"
            },
            "tags_all": {
              "Environment": "dev",
              "ManagedBy": "terraform",
              "Name": "service-ticket-system-dev-api-ecr",
              "Project": "service-ticket-system"
            },
            "timeouts": null
          },
          "sensitive_attributes": [],
          "identity_schema_version": 0,
          "private": "eyJlMmJmYjczMC1lY2FhLTExZTYtOGY4OC0zNDM2M2JjN2M0YzAiOnsiZGVsZXRlIjoxMjAwMDAwMDAwMDAwfX0="
        },
        {
          "index_key": "web",
          "schema_version": 0,
          "attributes": {
            "arn": "arn:aws:ecr:us-east-1:891819783983:repository/service-ticket-system-dev-web",
            "encryption_configuration": [
              {
                "encryption_type": "AES256",
                "kms_key": ""
              }
            ],
            "force_delete": null,
            "id": "service-ticket-system-dev-web",
            "image_scanning_configuration": [
              {
                "scan_on_push": true
              }
            ],
            "image_tag_mutability": "MUTABLE",
            "name": "service-ticket-system-dev-web",
            "registry_id": "891819783983",
            "repository_url": "891819783983.dkr.ecr.us-east-1.amazonaws.com/service-ticket-system-dev-web",
            "tags": {
              "Environment": "dev",
              "ManagedBy": "terraform",
              "Name": "service-ticket-system-dev-web-ecr",
              "Project": "service-ticket-system"
            },
            "tags_all": {
              "Environment": "dev",
              "ManagedBy": "terraform",
              "Name": "service-ticket-system-dev-web-ecr",
              "Project": "service-ticket-system"
            },
            "timeouts": null
          },
          "sensitive_attributes": [],
          "identity_schema_version": 0,
          "private": "eyJlMmJmYjczMC1lY2FhLTExZTYtOGY4OC0zNDM2M2JjN2M0YzAiOnsiZGVsZXRlIjoxMjAwMDAwMDAwMDAwfX0="
        }
      ]
    },
    {
      "module": "module.ecr",
      "mode": "managed",
      "type": "aws_ecr_repository_policy",
      "name": "repositories",
      "provider": "provider[\"registry.terraform.io/hashicorp/aws\"]",
      "instances": []
    },
    {
      "module": "module.ecr",
      "mode": "managed",
      "type": "aws_iam_role",
      "name": "ecr_access",
      "provider": "provider[\"registry.terraform.io/hashicorp/aws\"]",
      "instances": [
        {
          "schema_version": 0,
          "attributes": {
            "arn": "arn:aws:iam::891819783983:role/service-ticket-system-dev-ecr-access",
            "assume_role_policy": "{\"Statement\":[{\"Action\":\"sts:AssumeRole\",\"Effect\":\"Allow\",\"Principal\":{\"Service\":[\"ecs-tasks.amazonaws.com\",\"codebuild.amazonaws.com\"]}}],\"Version\":\"2012-10-17\"}",
            "create_date": "2025-08-30T21:57:47Z",
            "description": "",
            "force_detach_policies": false,
            "id": "service-ticket-system-dev-ecr-access",
            "inline_policy": [
              {
                "name": "service-ticket-system-dev-ecr-access-policy",
                "policy": "{\"Version\":\"2012-10-17\",\"Statement\":[{\"Action\":[\"ecr:GetAuthorizationToken\",\"ecr:BatchCheckLayerAvailability\",\"ecr:GetDownloadUrlForLayer\",\"ecr:BatchGetImage\",\"ecr:PutImage\",\"ecr:InitiateLayerUpload\",\"ecr:UploadLayerPart\",\"ecr:CompleteLayerUpload\"],\"Effect\":\"Allow\",\"Resource\":\"*\"}]}"
              }
            ],
            "managed_policy_arns": [],
            "max_session_duration": 3600,
            "name": "service-ticket-system-dev-ecr-access",
            "name_prefix": "",
            "path": "/",
            "permissions_boundary": "",
            "tags": {
              "Environment": "dev",
              "ManagedBy": "terraform",
              "Name": "service-ticket-system-dev-ecr-access-role",
              "Project": "service-ticket-system"
            },
            "tags_all": {
              "Environment": "dev",
              "ManagedBy": "terraform",
              "Name": "service-ticket-system-dev-ecr-access-role",
              "Project": "service-ticket-system"
            },
            "unique_id": "AROA47JEZ64XXRAJE7T3B"
          },
          "sensitive_attributes": [],
          "identity_schema_version": 0,
          "private": "bnVsbA=="
        }
      ]
    },
    {
      "module": "module.ecr",
      "mode": "managed",
      "type": "aws_iam_role_policy",
      "name": "ecr_access",
      "provider": "provider[\"registry.terraform.io/hashicorp/aws\"]",
      "instances": [
        {
          "schema_version": 0,
          "attributes": {
            "id": "service-ticket-system-dev-ecr-access:service-ticket-system-dev-ecr-access-policy",
            "name": "service-ticket-system-dev-ecr-access-policy",
            "name_prefix": "",
            "policy": "{\"Version\":\"2012-10-17\",\"Statement\":[{\"Action\":[\"ecr:GetAuthorizationToken\",\"ecr:BatchCheckLayerAvailability\",\"ecr:GetDownloadUrlForLayer\",\"ecr:BatchGetImage\",\"ecr:PutImage\",\"ecr:InitiateLayerUpload\",\"ecr:UploadLayerPart\",\"ecr:CompleteLayerUpload\"],\"Effect\":\"Allow\",\"Resource\":\"*\"}]}",
            "role": "service-ticket-system-dev-ecr-access"
          },
          "sensitive_attributes": [],
          "identity_schema_version": 0,
          "private": "bnVsbA==",
          "dependencies": [
            "module.ecr.aws_iam_role.ecr_access"
          ]
        }
      ]
    },
    {
      "module": "module.ecs",
      "mode": "data",
      "type": "aws_region",
      "name": "current",
      "provider": "provider[\"registry.terraform.io/hashicorp/aws\"]",
      "instances": [
        {
          "schema_version": 0,
          "attributes": {
            "description": "US East (N. Virginia)",
            "endpoint": "ec2.us-east-1.amazonaws.com",
            "id": "us-east-1",
            "name": "us-east-1"
          },
          "sensitive_attributes": [],
          "identity_schema_version": 0
        }
      ]
    },
    {
      "module": "module.ecs",
      "mode": "managed",
      "type": "aws_appautoscaling_policy",
      "name": "api_scale_up",
      "provider": "provider[\"registry.terraform.io/hashicorp/aws\"]",
      "instances": [
        {
          "schema_version": 0,
          "attributes": {
            "alarm_arns": [
              "arn:aws:cloudwatch:us-east-1:891819783983:alarm:TargetTracking-service/service-ticket-system-dev-cluster/service-ticket-system-dev-api-AlarmHigh-28221eac-2149-4e81-9f40-877d5a144a22",
              "arn:aws:cloudwatch:us-east-1:891819783983:alarm:TargetTracking-service/service-ticket-system-dev-cluster/service-ticket-system-dev-api-AlarmLow-93218f22-2d6c-490e-b565-c2cfabe1bab0"
            ],
            "arn": "arn:aws:autoscaling:us-east-1:891819783983:scalingPolicy:7f16cda9-2c10-4707-a3de-099d1f8eb770:resource/ecs/service/service-ticket-system-dev-cluster/service-ticket-system-dev-api:policyName/service-ticket-system-dev-api-scale-up",
            "id": "service-ticket-system-dev-api-scale-up",
            "name": "service-ticket-system-dev-api-scale-up",
            "policy_type": "TargetTrackingScaling",
            "resource_id": "service/service-ticket-system-dev-cluster/service-ticket-system-dev-api",
            "scalable_dimension": "ecs:service:DesiredCount",
            "service_namespace": "ecs",
            "step_scaling_policy_configuration": [],
            "target_tracking_scaling_policy_configuration": [
              {
                "customized_metric_specification": [],
                "disable_scale_in": false,
                "predefined_metric_specification": [
                  {
                    "predefined_metric_type": "ECSServiceAverageCPUUtilization",
                    "resource_label": ""
                  }
                ],
                "scale_in_cooldown": 300,
                "scale_out_cooldown": 60,
                "target_value": 70
              }
            ]
          },
          "sensitive_attributes": [],
          "identity_schema_version": 0,
          "private": "bnVsbA==",
          "dependencies": [
            "data.aws_availability_zones.available",
            "module.alb.aws_lb.main",
            "module.alb.aws_lb_target_group.api",
            "module.cache.aws_cloudwatch_log_group.redis_slow",
            "module.cache.aws_elasticache_parameter_group.main",
            "module.cache.aws_elasticache_replication_group.main",
            "module.cache.aws_elasticache_subnet_group.main",
            "module.database.aws_cloudwatch_log_group.aurora",
            "module.database.aws_db_subnet_group.main",
            "module.database.aws_kms_key.aurora",
            "module.database.aws_rds_cluster.main",
            "module.database.aws_rds_cluster_parameter_group.main",
            "module.ecr.aws_ecr_repository.repositories",
            "module.ecs.aws_appautoscaling_target.api",
            "module.ecs.aws_cloudwatch_log_group.api",
            "module.ecs.aws_ecs_cluster.main",
            "module.ecs.aws_ecs_service.api",
            "module.ecs.aws_ecs_task_definition.api",
            "module.ecs.aws_iam_role.ecs_task",
            "module.ecs.aws_iam_role.ecs_task_execution",
            "module.ecs.aws_security_group.ecs_tasks",
            "module.ecs.data.aws_region.current",
            "module.networking.aws_security_group.alb",
            "module.networking.aws_security_group.cache",
            "module.networking.aws_security_group.database",
            "module.networking.aws_security_group.ecs",
            "module.networking.aws_subnet.private",
            "module.networking.aws_subnet.public",
            "module.networking.aws_vpc.main",
            "module.secrets.aws_secretsmanager_secret.app_config",
            "module.secrets.aws_secretsmanager_secret.db_master_password",
            "module.secrets.aws_secretsmanager_secret.jwt_secret",
            "module.secrets.random_password.db_master_password",
            "module.secrets.random_password.redis_password"
          ]
        }
      ]
    },
    {
      "module": "module.ecs",
      "mode": "managed",
      "type": "aws_appautoscaling_target",
      "name": "api",
      "provider": "provider[\"registry.terraform.io/hashicorp/aws\"]",
      "instances": [
        {
          "schema_version": 0,
          "attributes": {
            "arn": "arn:aws:application-autoscaling:us-east-1:891819783983:scalable-target/0ec57f16cda92c104707a3de099d1f8eb770",
            "id": "service/service-ticket-system-dev-cluster/service-ticket-system-dev-api",
            "max_capacity": 20,
            "min_capacity": 0,
            "resource_id": "service/service-ticket-system-dev-cluster/service-ticket-system-dev-api",
            "role_arn": "arn:aws:iam::891819783983:role/aws-service-role/ecs.application-autoscaling.amazonaws.com/AWSServiceRoleForApplicationAutoScaling_ECSService",
            "scalable_dimension": "ecs:service:DesiredCount",
            "service_namespace": "ecs",
            "suspended_state": [
              {
                "dynamic_scaling_in_suspended": false,
                "dynamic_scaling_out_suspended": false,
                "scheduled_scaling_suspended": false
              }
            ],
            "tags": {},
            "tags_all": {
              "Environment": "dev",
              "ManagedBy": "terraform",
              "Project": "service-ticket-system"
            }
          },
          "sensitive_attributes": [],
          "identity_schema_version": 0,
          "private": "bnVsbA==",
          "dependencies": [
            "data.aws_availability_zones.available",
            "module.alb.aws_lb.main",
            "module.alb.aws_lb_target_group.api",
            "module.cache.aws_cloudwatch_log_group.redis_slow",
            "module.cache.aws_elasticache_parameter_group.main",
            "module.cache.aws_elasticache_replication_group.main",
            "module.cache.aws_elasticache_subnet_group.main",
            "module.database.aws_cloudwatch_log_group.aurora",
            "module.database.aws_db_subnet_group.main",
            "module.database.aws_kms_key.aurora",
            "module.database.aws_rds_cluster.main",
            "module.database.aws_rds_cluster_parameter_group.main",
            "module.ecr.aws_ecr_repository.repositories",
            "module.ecs.aws_cloudwatch_log_group.api",
            "module.ecs.aws_ecs_cluster.main",
            "module.ecs.aws_ecs_service.api",
            "module.ecs.aws_ecs_task_definition.api",
            "module.ecs.aws_iam_role.ecs_task",
            "module.ecs.aws_iam_role.ecs_task_execution",
            "module.ecs.aws_security_group.ecs_tasks",
            "module.ecs.data.aws_region.current",
            "module.networking.aws_security_group.alb",
            "module.networking.aws_security_group.cache",
            "module.networking.aws_security_group.database",
            "module.networking.aws_security_group.ecs",
            "module.networking.aws_subnet.private",
            "module.networking.aws_subnet.public",
            "module.networking.aws_vpc.main",
            "module.secrets.aws_secretsmanager_secret.app_config",
            "module.secrets.aws_secretsmanager_secret.db_master_password",
            "module.secrets.aws_secretsmanager_secret.jwt_secret",
            "module.secrets.random_password.db_master_password",
            "module.secrets.random_password.redis_password"
          ]
        }
      ]
    },
    {
      "module": "module.ecs",
      "mode": "managed",
      "type": "aws_cloudwatch_log_group",
      "name": "api",
      "provider": "provider[\"registry.terraform.io/hashicorp/aws\"]",
      "instances": [
        {
          "schema_version": 0,
          "attributes": {
            "arn": "arn:aws:logs:us-east-1:891819783983:log-group:/ecs/service-ticket-system-dev/api",
            "id": "/ecs/service-ticket-system-dev/api",
            "kms_key_id": "",
            "log_group_class": "STANDARD",
            "name": "/ecs/service-ticket-system-dev/api",
            "name_prefix": "",
            "retention_in_days": 7,
            "skip_destroy": false,
            "tags": {
              "Environment": "dev",
              "ManagedBy": "terraform",
              "Name": "service-ticket-system-dev-api-logs",
              "Project": "service-ticket-system"
            },
            "tags_all": {
              "Environment": "dev",
              "ManagedBy": "terraform",
              "Name": "service-ticket-system-dev-api-logs",
              "Project": "service-ticket-system"
            }
          },
          "sensitive_attributes": [],
          "identity_schema_version": 0,
          "private": "bnVsbA=="
        }
      ]
    },
    {
      "module": "module.ecs",
      "mode": "managed",
      "type": "aws_cloudwatch_log_group",
      "name": "frontend",
      "provider": "provider[\"registry.terraform.io/hashicorp/aws\"]",
      "instances": [
        {
          "schema_version": 0,
          "attributes": {
            "arn": "arn:aws:logs:us-east-1:891819783983:log-group:/ecs/service-ticket-system-dev/frontend",
            "id": "/ecs/service-ticket-system-dev/frontend",
            "kms_key_id": "",
            "log_group_class": "STANDARD",
            "name": "/ecs/service-ticket-system-dev/frontend",
            "name_prefix": "",
            "retention_in_days": 7,
            "skip_destroy": false,
            "tags": {
              "Environment": "dev",
              "ManagedBy": "terraform",
              "Project": "service-ticket-system"
            },
            "tags_all": {
              "Environment": "dev",
              "ManagedBy": "terraform",
              "Project": "service-ticket-system"
            }
          },
          "sensitive_attributes": [],
          "identity_schema_version": 0,
          "private": "bnVsbA=="
        }
      ]
    },
    {
      "module": "module.ecs",
      "mode": "managed",
      "type": "aws_ecs_cluster",
      "name": "main",
      "provider": "provider[\"registry.terraform.io/hashicorp/aws\"]",
      "instances": [
        {
          "schema_version": 0,
          "attributes": {
            "arn": "arn:aws:ecs:us-east-1:891819783983:cluster/service-ticket-system-dev-cluster",
            "configuration": [],
            "id": "arn:aws:ecs:us-east-1:891819783983:cluster/service-ticket-system-dev-cluster",
            "name": "service-ticket-system-dev-cluster",
            "service_connect_defaults": [],
            "setting": [
              {
                "name": "containerInsights",
                "value": "enabled"
              }
            ],
            "tags": {
              "Environment": "dev",
              "ManagedBy": "terraform",
              "Name": "service-ticket-system-dev-ecs-cluster",
              "Project": "service-ticket-system"
            },
            "tags_all": {
              "Environment": "dev",
              "ManagedBy": "terraform",
              "Name": "service-ticket-system-dev-ecs-cluster",
              "Project": "service-ticket-system"
            }
          },
          "sensitive_attributes": [],
          "identity_schema_version": 0,
          "private": "bnVsbA=="
        }
      ]
    },
    {
      "module": "module.ecs",
      "mode": "managed",
      "type": "aws_ecs_cluster_capacity_providers",
      "name": "main",
      "provider": "provider[\"registry.terraform.io/hashicorp/aws\"]",
      "instances": [
        {
          "schema_version": 0,
          "attributes": {
            "capacity_providers": [
              "FARGATE",
              "FARGATE_SPOT"
            ],
            "cluster_name": "service-ticket-system-dev-cluster",
            "default_capacity_provider_strategy": [
              {
                "base": 1,
                "capacity_provider": "FARGATE",
                "weight": 100
              }
            ],
            "id": "service-ticket-system-dev-cluster"
          },
          "sensitive_attributes": [],
          "identity_schema_version": 0,
          "private": "bnVsbA==",
          "dependencies": [
            "module.ecs.aws_ecs_cluster.main"
          ]
        }
      ]
    },
    {
      "module": "module.ecs",
      "mode": "managed",
      "type": "aws_ecs_service",
      "name": "api",
      "provider": "provider[\"registry.terraform.io/hashicorp/aws\"]",
      "instances": [
        {
          "schema_version": 1,
          "attributes": {
            "alarms": [],
            "availability_zone_rebalancing": "DISABLED",
            "capacity_provider_strategy": [],
            "cluster": "arn:aws:ecs:us-east-1:891819783983:cluster/service-ticket-system-dev-cluster",
            "deployment_circuit_breaker": [
              {
                "enable": false,
                "rollback": false
              }
            ],
            "deployment_controller": [
              {
                "type": "ECS"
              }
            ],
            "deployment_maximum_percent": 200,
            "deployment_minimum_healthy_percent": 0,
            "desired_count": 1,
            "enable_ecs_managed_tags": false,
            "enable_execute_command": false,
            "force_delete": null,
            "force_new_deployment": null,
            "health_check_grace_period_seconds": 0,
            "iam_role": "/aws-service-role/ecs.amazonaws.com/AWSServiceRoleForECS",
            "id": "arn:aws:ecs:us-east-1:891819783983:service/service-ticket-system-dev-cluster/service-ticket-system-dev-api",
            "launch_type": "FARGATE",
            "load_balancer": [],
            "name": "service-ticket-system-dev-api",
            "network_configuration": [
              {
                "assign_public_ip": false,
                "security_groups": [
                  "sg-070eb84fb77f7120d"
                ],
                "subnets": [
                  "subnet-021d953934279eeda",
                  "subnet-071bd61cd9240bba7",
                  "subnet-07ebd9a7e21be6af7"
                ]
              }
            ],
            "ordered_placement_strategy": [],
            "placement_constraints": [],
            "platform_version": "LATEST",
            "propagate_tags": "NONE",
            "scheduling_strategy": "REPLICA",
            "service_connect_configuration": [],
            "service_registries": [],
            "tags": {
              "Environment": "dev",
              "ManagedBy": "terraform",
              "Name": "service-ticket-system-dev-api-service",
              "Project": "service-ticket-system"
            },
            "tags_all": {
              "Environment": "dev",
              "ManagedBy": "terraform",
              "Name": "service-ticket-system-dev-api-service",
              "Project": "service-ticket-system"
            },
            "task_definition": "arn:aws:ecs:us-east-1:891819783983:task-definition/service-ticket-system-dev-api:3",
            "timeouts": null,
            "triggers": {},
            "volume_configuration": [],
            "vpc_lattice_configurations": [],
            "wait_for_steady_state": false
          },
          "sensitive_attributes": [],
          "identity_schema_version": 0,
          "private": "eyJlMmJmYjczMC1lY2FhLTExZTYtOGY4OC0zNDM2M2JjN2M0YzAiOnsiY3JlYXRlIjoxMjAwMDAwMDAwMDAwLCJkZWxldGUiOjEyMDAwMDAwMDAwMDAsInVwZGF0ZSI6MTIwMDAwMDAwMDAwMH0sInNjaGVtYV92ZXJzaW9uIjoiMSJ9",
          "dependencies": [
            "data.aws_availability_zones.available",
            "module.alb.aws_lb.main",
            "module.alb.aws_lb_target_group.api",
            "module.cache.aws_cloudwatch_log_group.redis_slow",
            "module.cache.aws_elasticache_parameter_group.main",
            "module.cache.aws_elasticache_replication_group.main",
            "module.cache.aws_elasticache_subnet_group.main",
            "module.database.aws_cloudwatch_log_group.aurora",
            "module.database.aws_db_subnet_group.main",
            "module.database.aws_kms_key.aurora",
            "module.database.aws_rds_cluster.main",
            "module.database.aws_rds_cluster_parameter_group.main",
            "module.ecr.aws_ecr_repository.repositories",
            "module.ecs.aws_cloudwatch_log_group.api",
            "module.ecs.aws_ecs_cluster.main",
            "module.ecs.aws_ecs_task_definition.api",
            "module.ecs.aws_iam_role.ecs_task",
            "module.ecs.aws_iam_role.ecs_task_execution",
            "module.ecs.aws_security_group.ecs_tasks",
            "module.ecs.data.aws_region.current",
            "module.networking.aws_security_group.alb",
            "module.networking.aws_security_group.cache",
            "module.networking.aws_security_group.database",
            "module.networking.aws_security_group.ecs",
            "module.networking.aws_subnet.private",
            "module.networking.aws_subnet.public",
            "module.networking.aws_vpc.main",
            "module.secrets.aws_secretsmanager_secret.app_config",
            "module.secrets.aws_secretsmanager_secret.db_master_password",
            "module.secrets.aws_secretsmanager_secret.jwt_secret",
            "module.secrets.random_password.db_master_password",
            "module.secrets.random_password.redis_password"
          ]
        }
      ]
    },
    {
      "module": "module.ecs",
      "mode": "managed",
      "type": "aws_ecs_service",
      "name": "frontend",
      "provider": "provider[\"registry.terraform.io/hashicorp/aws\"]",
      "instances": [
        {
          "schema_version": 1,
          "attributes": {
            "alarms": [],
            "availability_zone_rebalancing": "DISABLED",
            "capacity_provider_strategy": [],
            "cluster": "arn:aws:ecs:us-east-1:891819783983:cluster/service-ticket-system-dev-cluster",
            "deployment_circuit_breaker": [
              {
                "enable": false,
                "rollback": false
              }
            ],
            "deployment_controller": [
              {
                "type": "ECS"
              }
            ],
            "deployment_maximum_percent": 200,
            "deployment_minimum_healthy_percent": 100,
            "desired_count": 1,
            "enable_ecs_managed_tags": false,
            "enable_execute_command": false,
            "force_delete": null,
            "force_new_deployment": null,
            "health_check_grace_period_seconds": 0,
            "iam_role": "/aws-service-role/ecs.amazonaws.com/AWSServiceRoleForECS",
            "id": "arn:aws:ecs:us-east-1:891819783983:service/service-ticket-system-dev-cluster/service-ticket-system-dev-frontend",
            "launch_type": "FARGATE",
            "load_balancer": [],
            "name": "service-ticket-system-dev-frontend",
            "network_configuration": [
              {
                "assign_public_ip": true,
                "security_groups": [
                  "sg-070eb84fb77f7120d"
                ],
                "subnets": [
                  "subnet-021d953934279eeda",
                  "subnet-071bd61cd9240bba7",
                  "subnet-07ebd9a7e21be6af7"
                ]
              }
            ],
            "ordered_placement_strategy": [],
            "placement_constraints": [],
            "platform_version": "LATEST",
            "propagate_tags": "NONE",
            "scheduling_strategy": "REPLICA",
            "service_connect_configuration": [],
            "service_registries": [],
            "tags": {},
            "tags_all": {
              "Environment": "dev",
              "ManagedBy": "terraform",
              "Project": "service-ticket-system"
            },
            "task_definition": "arn:aws:ecs:us-east-1:891819783983:task-definition/service-ticket-system-dev-frontend:1",
            "timeouts": null,
            "triggers": {},
            "volume_configuration": [],
            "vpc_lattice_configurations": [],
            "wait_for_steady_state": false
          },
          "sensitive_attributes": [],
          "identity_schema_version": 0,
          "private": "eyJlMmJmYjczMC1lY2FhLTExZTYtOGY4OC0zNDM2M2JjN2M0YzAiOnsiY3JlYXRlIjoxMjAwMDAwMDAwMDAwLCJkZWxldGUiOjEyMDAwMDAwMDAwMDAsInVwZGF0ZSI6MTIwMDAwMDAwMDAwMH0sInNjaGVtYV92ZXJzaW9uIjoiMSJ9",
          "dependencies": [
            "data.aws_availability_zones.available",
            "module.alb.aws_lb.main",
            "module.alb.aws_lb_target_group.web",
            "module.cache.aws_cloudwatch_log_group.redis_slow",
            "module.cache.aws_elasticache_parameter_group.main",
            "module.cache.aws_elasticache_replication_group.main",
            "module.cache.aws_elasticache_subnet_group.main",
            "module.database.aws_cloudwatch_log_group.aurora",
            "module.database.aws_db_subnet_group.main",
            "module.database.aws_kms_key.aurora",
            "module.database.aws_rds_cluster.main",
            "module.database.aws_rds_cluster_parameter_group.main",
            "module.ecr.aws_ecr_repository.repositories",
            "module.ecs.aws_cloudwatch_log_group.api",
            "module.ecs.aws_cloudwatch_log_group.frontend",
            "module.ecs.aws_ecs_cluster.main",
            "module.ecs.aws_ecs_service.api",
            "module.ecs.aws_ecs_task_definition.api",
            "module.ecs.aws_ecs_task_definition.frontend",
            "module.ecs.aws_iam_role.ecs_task",
            "module.ecs.aws_iam_role.ecs_task_execution",
            "module.ecs.aws_iam_role_policy_attachment.ecs_task_execution",
            "module.ecs.aws_security_group.ecs_tasks",
            "module.ecs.data.aws_region.current",
            "module.networking.aws_security_group.alb",
            "module.networking.aws_security_group.cache",
            "module.networking.aws_security_group.database",
            "module.networking.aws_security_group.ecs",
            "module.networking.aws_subnet.private",
            "module.networking.aws_subnet.public",
            "module.networking.aws_vpc.main",
            "module.secrets.aws_secretsmanager_secret.app_config",
            "module.secrets.aws_secretsmanager_secret.db_master_password",
            "module.secrets.aws_secretsmanager_secret.jwt_secret",
            "module.secrets.random_password.db_master_password",
            "module.secrets.random_password.redis_password"
          ]
        }
      ]
    },
    {
      "module": "module.ecs",
      "mode": "managed",
      "type": "aws_iam_role",
      "name": "ecs_task",
      "provider": "provider[\"registry.terraform.io/hashicorp/aws\"]",
      "instances": [
        {
          "schema_version": 0,
          "attributes": {
            "arn": "arn:aws:iam::891819783983:role/service-ticket-system-dev-ecs-task",
            "assume_role_policy": "{\"Statement\":[{\"Action\":\"sts:AssumeRole\",\"Effect\":\"Allow\",\"Principal\":{\"Service\":\"ecs-tasks.amazonaws.com\"}}],\"Version\":\"2012-10-17\"}",
            "create_date": "2025-08-30T21:57:46Z",
            "description": "",
            "force_detach_policies": false,
            "id": "service-ticket-system-dev-ecs-task",
            "inline_policy": [
              {
                "name": "service-ticket-system-dev-ecs-task-policy",
                "policy": "{\"Version\":\"2012-10-17\",\"Statement\":[{\"Action\":[\"secretsmanager:GetSecretValue\",\"ssm:GetParameter\",\"ssm:GetParameters\",\"ssm:GetParametersByPath\"],\"Effect\":\"Allow\",\"Resource\":\"*\"}]}"
              }
            ],
            "managed_policy_arns": [],
            "max_session_duration": 3600,
            "name": "service-ticket-system-dev-ecs-task",
            "name_prefix": "",
            "path": "/",
            "permissions_boundary": "",
            "tags": {
              "Environment": "dev",
              "ManagedBy": "terraform",
              "Name": "service-ticket-system-dev-ecs-task-role",
              "Project": "service-ticket-system"
            },
            "tags_all": {
              "Environment": "dev",
              "ManagedBy": "terraform",
              "Name": "service-ticket-system-dev-ecs-task-role",
              "Project": "service-ticket-system"
            },
            "unique_id": "AROA47JEZ64XUKU4DXQPE"
          },
          "sensitive_attributes": [],
          "identity_schema_version": 0,
          "private": "bnVsbA=="
        }
      ]
    },
    {
      "module": "module.ecs",
      "mode": "managed",
      "type": "aws_iam_role",
      "name": "ecs_task_execution",
      "provider": "provider[\"registry.terraform.io/hashicorp/aws\"]",
      "instances": [
        {
          "schema_version": 0,
          "attributes": {
            "arn": "arn:aws:iam::891819783983:role/service-ticket-system-dev-ecs-task-execution",
            "assume_role_policy": "{\"Statement\":[{\"Action\":\"sts:AssumeRole\",\"Effect\":\"Allow\",\"Principal\":{\"Service\":\"ecs-tasks.amazonaws.com\"}}],\"Version\":\"2012-10-17\"}",
            "create_date": "2025-08-30T21:57:47Z",
            "description": "",
            "force_detach_policies": false,
            "id": "service-ticket-system-dev-ecs-task-execution",
            "inline_policy": [
              {
                "name": "service-ticket-system-dev-ecs-secrets-access",
                "policy": "{\"Version\":\"2012-10-17\",\"Statement\":[{\"Action\":[\"secretsmanager:GetSecretValue\"],\"Effect\":\"Allow\",\"Resource\":[\"arn:aws:secretsmanager:us-east-1:891819783983:secret:service-ticket-system-dev-db-master-password-a9lXPp\",\"arn:aws:secretsmanager:us-east-1:891819783983:secret:service-ticket-system-dev-jwt-secret-QV3fWi\",\"arn:aws:secretsmanager:us-east-1:891819783983:secret:service-ticket-system-dev-app-config-N1IJWl\"]}]}"
              }
            ],
            "managed_policy_arns": [
              "arn:aws:iam::aws:policy/service-role/AmazonECSTaskExecutionRolePolicy"
            ],
            "max_session_duration": 3600,
            "name": "service-ticket-system-dev-ecs-task-execution",
            "name_prefix": "",
            "path": "/",
            "permissions_boundary": "",
            "tags": {
              "Environment": "dev",
              "ManagedBy": "terraform",
              "Name": "service-ticket-system-dev-ecs-task-execution-role",
              "Project": "service-ticket-system"
            },
            "tags_all": {
              "Environment": "dev",
              "ManagedBy": "terraform",
              "Name": "service-ticket-system-dev-ecs-task-execution-role",
              "Project": "service-ticket-system"
            },
            "unique_id": "AROA47JEZ64X46YXJY7AZ"
          },
          "sensitive_attributes": [],
          "identity_schema_version": 0,
          "private": "bnVsbA=="
        }
      ]
    },
    {
      "module": "module.ecs",
      "mode": "managed",
      "type": "aws_iam_role_policy",
      "name": "ecs_secrets_access",
      "provider": "provider[\"registry.terraform.io/hashicorp/aws\"]",
      "instances": [
        {
          "schema_version": 0,
          "attributes": {
            "id": "service-ticket-system-dev-ecs-task-execution:service-ticket-system-dev-ecs-secrets-access",
            "name": "service-ticket-system-dev-ecs-secrets-access",
            "name_prefix": "",
            "policy": "{\"Version\":\"2012-10-17\",\"Statement\":[{\"Action\":[\"secretsmanager:GetSecretValue\"],\"Effect\":\"Allow\",\"Resource\":[\"arn:aws:secretsmanager:us-east-1:891819783983:secret:service-ticket-system-dev-db-master-password-a9lXPp\",\"arn:aws:secretsmanager:us-east-1:891819783983:secret:service-ticket-system-dev-jwt-secret-QV3fWi\",\"arn:aws:secretsmanager:us-east-1:891819783983:secret:service-ticket-system-dev-app-config-N1IJWl\"]}]}",
            "role": "service-ticket-system-dev-ecs-task-execution"
          },
          "sensitive_attributes": [],
          "identity_schema_version": 0,
          "private": "bnVsbA==",
          "dependencies": [
            "module.ecs.aws_iam_role.ecs_task_execution",
            "module.secrets.aws_secretsmanager_secret.app_config",
            "module.secrets.aws_secretsmanager_secret.db_master_password",
            "module.secrets.aws_secretsmanager_secret.jwt_secret"
          ]
        }
      ]
    },
    {
      "module": "module.ecs",
      "mode": "managed",
      "type": "aws_iam_role_policy",
      "name": "ecs_task",
      "provider": "provider[\"registry.terraform.io/hashicorp/aws\"]",
      "instances": [
        {
          "schema_version": 0,
          "attributes": {
            "id": "service-ticket-system-dev-ecs-task:service-ticket-system-dev-ecs-task-policy",
            "name": "service-ticket-system-dev-ecs-task-policy",
            "name_prefix": "",
            "policy": "{\"Version\":\"2012-10-17\",\"Statement\":[{\"Action\":[\"secretsmanager:GetSecretValue\",\"ssm:GetParameter\",\"ssm:GetParameters\",\"ssm:GetParametersByPath\"],\"Effect\":\"Allow\",\"Resource\":\"*\"}]}",
            "role": "service-ticket-system-dev-ecs-task"
          },
          "sensitive_attributes": [],
          "identity_schema_version": 0,
          "private": "bnVsbA==",
          "dependencies": [
            "module.ecs.aws_iam_role.ecs_task"
          ]
        }
      ]
    },
    {
      "module": "module.ecs",
      "mode": "managed",
      "type": "aws_iam_role_policy_attachment",
      "name": "ecs_task_execution",
      "provider": "provider[\"registry.terraform.io/hashicorp/aws\"]",
      "instances": [
        {
          "schema_version": 0,
          "attributes": {
            "id": "service-ticket-system-dev-ecs-task-execution-20250830215751526100000007",
            "policy_arn": "arn:aws:iam::aws:policy/service-role/AmazonECSTaskExecutionRolePolicy",
            "role": "service-ticket-system-dev-ecs-task-execution"
          },
          "sensitive_attributes": [],
          "identity_schema_version": 0,
          "private": "bnVsbA==",
          "dependencies": [
            "module.ecs.aws_iam_role.ecs_task_execution"
          ]
        }
      ]
    },
    {
      "module": "module.ecs",
      "mode": "managed",
      "type": "aws_security_group",
      "name": "ecs_tasks",
      "provider": "provider[\"registry.terraform.io/hashicorp/aws\"]",
      "instances": [
        {
          "schema_version": 1,
          "attributes": {
            "arn": "arn:aws:ec2:us-east-1:891819783983:security-group/sg-070eb84fb77f7120d",
            "description": "Managed by Terraform",
            "egress": [
              {
                "cidr_blocks": [
                  "0.0.0.0/0"
                ],
                "description": "",
                "from_port": 0,
                "ipv6_cidr_blocks": [],
                "prefix_list_ids": [],
                "protocol": "-1",
                "security_groups": [],
                "self": false,
                "to_port": 0
              }
            ],
            "id": "sg-070eb84fb77f7120d",
            "ingress": [
              {
                "cidr_blocks": [],
                "description": "HTTP from ALB",
                "from_port": 3000,
                "ipv6_cidr_blocks": [],
                "prefix_list_ids": [],
                "protocol": "tcp",
                "security_groups": [
                  "sg-0a8045c616b68bbd5"
                ],
                "self": false,
                "to_port": 3000
              },
              {
                "cidr_blocks": [],
                "description": "Internal communication",
                "from_port": 0,
                "ipv6_cidr_blocks": [],
                "prefix_list_ids": [],
                "protocol": "tcp",
                "security_groups": [],
                "self": true,
                "to_port": 65535
              }
            ],
            "name": "service-ticket-system-dev-ecs-tasks-2025083021580925170000000f",
            "name_prefix": "service-ticket-system-dev-ecs-tasks-",
            "owner_id": "891819783983",
            "revoke_rules_on_delete": false,
            "tags": {
              "Environment": "dev",
              "ManagedBy": "terraform",
              "Name": "service-ticket-system-dev-ecs-tasks-sg",
              "Project": "service-ticket-system"
            },
            "tags_all": {
              "Environment": "dev",
              "ManagedBy": "terraform",
              "Name": "service-ticket-system-dev-ecs-tasks-sg",
              "Project": "service-ticket-system"
            },
            "timeouts": null,
            "vpc_id": "vpc-0c6f9d9f788c0992c"
          },
          "sensitive_attributes": [],
          "identity_schema_version": 0,
          "private": "eyJlMmJmYjczMC1lY2FhLTExZTYtOGY4OC0zNDM2M2JjN2M0YzAiOnsiY3JlYXRlIjo2MDAwMDAwMDAwMDAsImRlbGV0ZSI6OTAwMDAwMDAwMDAwfSwic2NoZW1hX3ZlcnNpb24iOiIxIn0=",
          "dependencies": [
            "module.networking.aws_security_group.alb",
            "module.networking.aws_vpc.main"
          ],
          "create_before_destroy": true
        }
      ]
    },
    {
      "module": "module.ecs",
      "mode": "managed",
      "type": "aws_service_discovery_private_dns_namespace",
      "name": "main",
      "provider": "provider[\"registry.terraform.io/hashicorp/aws\"]",
      "instances": [
        {
          "schema_version": 0,
          "attributes": {
            "arn": "arn:aws:servicediscovery:us-east-1:891819783983:namespace/ns-2yffxrefkazymzfv",
            "description": "Private DNS namespace for service-ticket-system-dev",
            "hosted_zone": "Z01648762NJWQBYFK80HR",
            "id": "ns-2yffxrefkazymzfv",
            "name": "service-ticket-system-dev.local",
            "tags": {
              "Environment": "dev",
              "ManagedBy": "terraform",
              "Name": "service-ticket-system-dev-service-discovery-namespace",
              "Project": "service-ticket-system"
            },
            "tags_all": {
              "Environment": "dev",
              "ManagedBy": "terraform",
              "Name": "service-ticket-system-dev-service-discovery-namespace",
              "Project": "service-ticket-system"
            },
            "vpc": "vpc-0c6f9d9f788c0992c"
          },
          "sensitive_attributes": [],
          "identity_schema_version": 0,
          "private": "bnVsbA==",
          "dependencies": [
            "module.networking.aws_vpc.main"
          ]
        }
      ]
    },
    {
      "module": "module.monitoring",
      "mode": "data",
      "type": "aws_region",
      "name": "current",
      "provider": "provider[\"registry.terraform.io/hashicorp/aws\"]",
      "instances": [
        {
          "schema_version": 0,
          "attributes": {
            "description": "US East (N. Virginia)",
            "endpoint": "ec2.us-east-1.amazonaws.com",
            "id": "us-east-1",
            "name": "us-east-1"
          },
          "sensitive_attributes": [],
          "identity_schema_version": 0
        }
      ]
    },
    {
      "module": "module.monitoring",
      "mode": "managed",
      "type": "aws_cloudwatch_dashboard",
      "name": "main",
      "provider": "provider[\"registry.terraform.io/hashicorp/aws\"]",
      "instances": [
        {
          "schema_version": 0,
          "attributes": {
            "dashboard_arn": "arn:aws:cloudwatch::891819783983:dashboard/service-ticket-system-dev-dashboard",
            "dashboard_body": "{\"widgets\":[{\"height\":6,\"properties\":{\"metrics\":[[\"AWS/ECS\",\"CPUUtilization\",\"ServiceName\",\"service-ticket-system-dev-api\",\"ClusterName\",\"service-ticket-system-dev-cluster\"],[\".\",\"MemoryUtilization\",\".\",\".\",\".\",\".\"]],\"period\":300,\"region\":\"us-east-1\",\"stacked\":false,\"title\":\"ECS Service Metrics\",\"view\":\"timeSeries\"},\"type\":\"metric\",\"width\":12,\"x\":0,\"y\":0},{\"height\":6,\"properties\":{\"metrics\":[[\"AWS/RDS\",\"CPUUtilization\",\"DBClusterIdentifier\",\"service-ticket-system-dev-aurora-cluster\"],[\".\",\"DatabaseConnections\",\".\",\".\"],[\".\",\"ServerlessDatabaseCapacity\",\".\",\".\"]],\"period\":300,\"region\":\"us-east-1\",\"stacked\":false,\"title\":\"Database Metrics\",\"view\":\"timeSeries\"},\"type\":\"metric\",\"width\":12,\"x\":0,\"y\":6},{\"height\":6,\"properties\":{\"metrics\":[[\"AWS/ElastiCache\",\"CPUUtilization\",\"CacheClusterId\",\"service-ticket-system-dev-redis-001\"],[\".\",\"NetworkBytesIn\",\".\",\".\"],[\".\",\"NetworkBytesOut\",\".\",\".\"],[\".\",\"CurrConnections\",\".\",\".\"]],\"period\":300,\"region\":\"us-east-1\",\"stacked\":false,\"title\":\"Cache Metrics\",\"view\":\"timeSeries\"},\"type\":\"metric\",\"width\":12,\"x\":12,\"y\":6}]}",
            "dashboard_name": "service-ticket-system-dev-dashboard",
            "id": "service-ticket-system-dev-dashboard"
          },
          "sensitive_attributes": [],
          "identity_schema_version": 0,
          "private": "bnVsbA==",
          "dependencies": [
            "data.aws_availability_zones.available",
            "module.alb.aws_lb.main",
            "module.alb.aws_lb_target_group.api",
            "module.alb.aws_lb_target_group.web",
            "module.cache.aws_cloudwatch_log_group.redis_slow",
            "module.cache.aws_elasticache_parameter_group.main",
            "module.cache.aws_elasticache_replication_group.main",
            "module.cache.aws_elasticache_subnet_group.main",
            "module.database.aws_cloudwatch_log_group.aurora",
            "module.database.aws_db_subnet_group.main",
            "module.database.aws_kms_key.aurora",
            "module.database.aws_rds_cluster.main",
            "module.database.aws_rds_cluster_parameter_group.main",
            "module.ecr.aws_ecr_repository.repositories",
            "module.ecs.aws_cloudwatch_log_group.api",
            "module.ecs.aws_cloudwatch_log_group.frontend",
            "module.ecs.aws_ecs_cluster.main",
            "module.ecs.aws_ecs_service.api",
            "module.ecs.aws_ecs_service.frontend",
            "module.ecs.aws_ecs_task_definition.api",
            "module.ecs.aws_ecs_task_definition.frontend",
            "module.ecs.aws_iam_role.ecs_task",
            "module.ecs.aws_iam_role.ecs_task_execution",
            "module.ecs.aws_iam_role_policy_attachment.ecs_task_execution",
            "module.ecs.aws_security_group.ecs_tasks",
            "module.ecs.data.aws_region.current",
            "module.monitoring.data.aws_region.current",
            "module.networking.aws_security_group.alb",
            "module.networking.aws_security_group.cache",
            "module.networking.aws_security_group.database",
            "module.networking.aws_security_group.ecs",
            "module.networking.aws_subnet.private",
            "module.networking.aws_subnet.public",
            "module.networking.aws_vpc.main",
            "module.secrets.aws_secretsmanager_secret.app_config",
            "module.secrets.aws_secretsmanager_secret.db_master_password",
            "module.secrets.aws_secretsmanager_secret.jwt_secret",
            "module.secrets.random_password.db_master_password",
            "module.secrets.random_password.redis_password"
          ]
        }
      ]
    },
    {
      "module": "module.monitoring",
      "mode": "managed",
      "type": "aws_cloudwatch_metric_alarm",
      "name": "database_connections_high",
      "provider": "provider[\"registry.terraform.io/hashicorp/aws\"]",
      "instances": [
        {
          "schema_version": 1,
          "attributes": {
            "actions_enabled": true,
            "alarm_actions": [
              "arn:aws:sns:us-east-1:891819783983:service-ticket-system-dev-alerts"
            ],
            "alarm_description": "This metric monitors RDS connection count",
            "alarm_name": "service-ticket-system-dev-database-connections-high",
            "arn": "arn:aws:cloudwatch:us-east-1:891819783983:alarm:service-ticket-system-dev-database-connections-high",
            "comparison_operator": "GreaterThanThreshold",
            "datapoints_to_alarm": 0,
            "dimensions": {
              "DBClusterIdentifier": "service-ticket-system-dev-aurora-cluster"
            },
            "evaluate_low_sample_count_percentiles": "",
            "evaluation_periods": 2,
            "extended_statistic": "",
            "id": "service-ticket-system-dev-database-connections-high",
            "insufficient_data_actions": [],
            "metric_name": "DatabaseConnections",
            "metric_query": [],
            "namespace": "AWS/RDS",
            "ok_actions": [],
            "period": 300,
            "statistic": "Average",
            "tags": {
              "Environment": "dev",
              "ManagedBy": "terraform",
              "Name": "service-ticket-system-dev-database-connections-alarm",
              "Project": "service-ticket-system"
            },
            "tags_all": {
              "Environment": "dev",
              "ManagedBy": "terraform",
              "Name": "service-ticket-system-dev-database-connections-alarm",
              "Project": "service-ticket-system"
            },
            "threshold": 80,
            "threshold_metric_id": "",
            "treat_missing_data": "missing",
            "unit": ""
          },
          "sensitive_attributes": [],
          "identity_schema_version": 0,
          "private": "eyJzY2hlbWFfdmVyc2lvbiI6IjEifQ==",
          "dependencies": [
            "data.aws_availability_zones.available",
            "module.database.aws_cloudwatch_log_group.aurora",
            "module.database.aws_db_subnet_group.main",
            "module.database.aws_kms_key.aurora",
            "module.database.aws_rds_cluster.main",
            "module.database.aws_rds_cluster_parameter_group.main",
            "module.monitoring.aws_sns_topic.alerts",
            "module.networking.aws_security_group.alb",
            "module.networking.aws_security_group.database",
            "module.networking.aws_security_group.ecs",
            "module.networking.aws_subnet.private",
            "module.networking.aws_vpc.main",
            "module.secrets.random_password.db_master_password"
          ]
        }
      ]
    },
    {
      "module": "module.monitoring",
      "mode": "managed",
      "type": "aws_cloudwatch_metric_alarm",
      "name": "database_cpu_high",
      "provider": "provider[\"registry.terraform.io/hashicorp/aws\"]",
      "instances": [
        {
          "schema_version": 1,
          "attributes": {
            "actions_enabled": true,
            "alarm_actions": [
              "arn:aws:sns:us-east-1:891819783983:service-ticket-system-dev-alerts"
            ],
            "alarm_description": "This metric monitors RDS CPU utilization",
            "alarm_name": "service-ticket-system-dev-database-cpu-high",
            "arn": "arn:aws:cloudwatch:us-east-1:891819783983:alarm:service-ticket-system-dev-database-cpu-high",
            "comparison_operator": "GreaterThanThreshold",
            "datapoints_to_alarm": 0,
            "dimensions": {
              "DBClusterIdentifier": "service-ticket-system-dev-aurora-cluster"
            },
            "evaluate_low_sample_count_percentiles": "",
            "evaluation_periods": 2,
            "extended_statistic": "",
            "id": "service-ticket-system-dev-database-cpu-high",
            "insufficient_data_actions": [],
            "metric_name": "CPUUtilization",
            "metric_query": [],
            "namespace": "AWS/RDS",
            "ok_actions": [],
            "period": 300,
            "statistic": "Average",
            "tags": {
              "Environment": "dev",
              "ManagedBy": "terraform",
              "Name": "service-ticket-system-dev-database-cpu-alarm",
              "Project": "service-ticket-system"
            },
            "tags_all": {
              "Environment": "dev",
              "ManagedBy": "terraform",
              "Name": "service-ticket-system-dev-database-cpu-alarm",
              "Project": "service-ticket-system"
            },
            "threshold": 80,
            "threshold_metric_id": "",
            "treat_missing_data": "missing",
            "unit": ""
          },
          "sensitive_attributes": [],
          "identity_schema_version": 0,
          "private": "eyJzY2hlbWFfdmVyc2lvbiI6IjEifQ==",
          "dependencies": [
            "data.aws_availability_zones.available",
            "module.database.aws_cloudwatch_log_group.aurora",
            "module.database.aws_db_subnet_group.main",
            "module.database.aws_kms_key.aurora",
            "module.database.aws_rds_cluster.main",
            "module.database.aws_rds_cluster_parameter_group.main",
            "module.monitoring.aws_sns_topic.alerts",
            "module.networking.aws_security_group.alb",
            "module.networking.aws_security_group.database",
            "module.networking.aws_security_group.ecs",
            "module.networking.aws_subnet.private",
            "module.networking.aws_vpc.main",
            "module.secrets.random_password.db_master_password"
          ]
        }
      ]
    },
    {
      "module": "module.monitoring",
      "mode": "managed",
      "type": "aws_cloudwatch_metric_alarm",
      "name": "ecs_cpu_high",
      "provider": "provider[\"registry.terraform.io/hashicorp/aws\"]",
      "instances": [
        {
          "index_key": "api",
          "schema_version": 1,
          "attributes": {
            "actions_enabled": true,
            "alarm_actions": [
              "arn:aws:sns:us-east-1:891819783983:service-ticket-system-dev-alerts"
            ],
            "alarm_description": "This metric monitors ECS api CPU utilization",
            "alarm_name": "service-ticket-system-dev-api-cpu-high",
            "arn": "arn:aws:cloudwatch:us-east-1:891819783983:alarm:service-ticket-system-dev-api-cpu-high",
            "comparison_operator": "GreaterThanThreshold",
            "datapoints_to_alarm": 0,
            "dimensions": {
              "ClusterName": "service-ticket-system-dev-cluster",
              "ServiceName": "service-ticket-system-dev-api"
            },
            "evaluate_low_sample_count_percentiles": "",
            "evaluation_periods": 2,
            "extended_statistic": "",
            "id": "service-ticket-system-dev-api-cpu-high",
            "insufficient_data_actions": [],
            "metric_name": "CPUUtilization",
            "metric_query": [],
            "namespace": "AWS/ECS",
            "ok_actions": [],
            "period": 300,
            "statistic": "Average",
            "tags": {
              "Name": "service-ticket-system-dev-api-cpu-alarm"
            },
            "tags_all": {
              "Environment": "dev",
              "ManagedBy": "terraform",
              "Name": "service-ticket-system-dev-api-cpu-alarm",
              "Project": "service-ticket-system"
            },
            "threshold": 80,
            "threshold_metric_id": "",
            "treat_missing_data": "missing",
            "unit": ""
          },
          "sensitive_attributes": [],
          "identity_schema_version": 0,
          "private": "eyJzY2hlbWFfdmVyc2lvbiI6IjEifQ==",
          "dependencies": [
            "data.aws_availability_zones.available",
            "module.alb.aws_lb.main",
            "module.alb.aws_lb_target_group.api",
            "module.alb.aws_lb_target_group.web",
            "module.cache.aws_cloudwatch_log_group.redis_slow",
            "module.cache.aws_elasticache_parameter_group.main",
            "module.cache.aws_elasticache_replication_group.main",
            "module.cache.aws_elasticache_subnet_group.main",
            "module.database.aws_cloudwatch_log_group.aurora",
            "module.database.aws_db_subnet_group.main",
            "module.database.aws_kms_key.aurora",
            "module.database.aws_rds_cluster.main",
            "module.database.aws_rds_cluster_parameter_group.main",
            "module.ecr.aws_ecr_repository.repositories",
            "module.ecs.aws_cloudwatch_log_group.api",
            "module.ecs.aws_cloudwatch_log_group.frontend",
            "module.ecs.aws_ecs_cluster.main",
            "module.ecs.aws_ecs_service.api",
            "module.ecs.aws_ecs_service.frontend",
            "module.ecs.aws_ecs_task_definition.api",
            "module.ecs.aws_ecs_task_definition.frontend",
            "module.ecs.aws_iam_role.ecs_task",
            "module.ecs.aws_iam_role.ecs_task_execution",
            "module.ecs.aws_iam_role_policy_attachment.ecs_task_execution",
            "module.ecs.aws_security_group.ecs_tasks",
            "module.ecs.data.aws_region.current",
            "module.monitoring.aws_sns_topic.alerts",
            "module.networking.aws_security_group.alb",
            "module.networking.aws_security_group.cache",
            "module.networking.aws_security_group.database",
            "module.networking.aws_security_group.ecs",
            "module.networking.aws_subnet.private",
            "module.networking.aws_subnet.public",
            "module.networking.aws_vpc.main",
            "module.secrets.aws_secretsmanager_secret.app_config",
            "module.secrets.aws_secretsmanager_secret.db_master_password",
            "module.secrets.aws_secretsmanager_secret.jwt_secret",
            "module.secrets.random_password.db_master_password",
            "module.secrets.random_password.redis_password"
          ]
        }
      ]
    },
    {
      "module": "module.monitoring",
      "mode": "managed",
      "type": "aws_cloudwatch_metric_alarm",
      "name": "ecs_memory_high",
      "provider": "provider[\"registry.terraform.io/hashicorp/aws\"]",
      "instances": [
        {
          "index_key": "api",
          "schema_version": 1,
          "attributes": {
            "actions_enabled": true,
            "alarm_actions": [
              "arn:aws:sns:us-east-1:891819783983:service-ticket-system-dev-alerts"
            ],
            "alarm_description": "This metric monitors ECS api memory utilization",
            "alarm_name": "service-ticket-system-dev-api-memory-high",
            "arn": "arn:aws:cloudwatch:us-east-1:891819783983:alarm:service-ticket-system-dev-api-memory-high",
            "comparison_operator": "GreaterThanThreshold",
            "datapoints_to_alarm": 0,
            "dimensions": {
              "ClusterName": "service-ticket-system-dev-cluster",
              "ServiceName": "service-ticket-system-dev-api"
            },
            "evaluate_low_sample_count_percentiles": "",
            "evaluation_periods": 2,
            "extended_statistic": "",
            "id": "service-ticket-system-dev-api-memory-high",
            "insufficient_data_actions": [],
            "metric_name": "MemoryUtilization",
            "metric_query": [],
            "namespace": "AWS/ECS",
            "ok_actions": [],
            "period": 300,
            "statistic": "Average",
            "tags": {
              "Environment": "dev",
              "ManagedBy": "terraform",
              "Name": "service-ticket-system-dev-api-memory-alarm",
              "Project": "service-ticket-system"
            },
            "tags_all": {
              "Environment": "dev",
              "ManagedBy": "terraform",
              "Name": "service-ticket-system-dev-api-memory-alarm",
              "Project": "service-ticket-system"
            },
            "threshold": 80,
            "threshold_metric_id": "",
            "treat_missing_data": "missing",
            "unit": ""
          },
          "sensitive_attributes": [],
          "identity_schema_version": 0,
          "private": "eyJzY2hlbWFfdmVyc2lvbiI6IjEifQ==",
          "dependencies": [
            "data.aws_availability_zones.available",
            "module.alb.aws_lb.main",
            "module.alb.aws_lb_target_group.api",
            "module.alb.aws_lb_target_group.web",
            "module.cache.aws_cloudwatch_log_group.redis_slow",
            "module.cache.aws_elasticache_parameter_group.main",
            "module.cache.aws_elasticache_replication_group.main",
            "module.cache.aws_elasticache_subnet_group.main",
            "module.database.aws_cloudwatch_log_group.aurora",
            "module.database.aws_db_subnet_group.main",
            "module.database.aws_kms_key.aurora",
            "module.database.aws_rds_cluster.main",
            "module.database.aws_rds_cluster_parameter_group.main",
            "module.ecr.aws_ecr_repository.repositories",
            "module.ecs.aws_cloudwatch_log_group.api",
            "module.ecs.aws_cloudwatch_log_group.frontend",
            "module.ecs.aws_ecs_cluster.main",
            "module.ecs.aws_ecs_service.api",
            "module.ecs.aws_ecs_service.frontend",
            "module.ecs.aws_ecs_task_definition.api",
            "module.ecs.aws_ecs_task_definition.frontend",
            "module.ecs.aws_iam_role.ecs_task",
            "module.ecs.aws_iam_role.ecs_task_execution",
            "module.ecs.aws_iam_role_policy_attachment.ecs_task_execution",
            "module.ecs.aws_security_group.ecs_tasks",
            "module.ecs.data.aws_region.current",
            "module.monitoring.aws_sns_topic.alerts",
            "module.networking.aws_security_group.alb",
            "module.networking.aws_security_group.cache",
            "module.networking.aws_security_group.database",
            "module.networking.aws_security_group.ecs",
            "module.networking.aws_subnet.private",
            "module.networking.aws_subnet.public",
            "module.networking.aws_vpc.main",
            "module.secrets.aws_secretsmanager_secret.app_config",
            "module.secrets.aws_secretsmanager_secret.db_master_password",
            "module.secrets.aws_secretsmanager_secret.jwt_secret",
            "module.secrets.random_password.db_master_password",
            "module.secrets.random_password.redis_password"
          ]
        }
      ]
    },
    {
      "module": "module.monitoring",
      "mode": "managed",
      "type": "aws_cloudwatch_query_definition",
      "name": "error_logs",
      "provider": "provider[\"registry.terraform.io/hashicorp/aws\"]",
      "instances": [
        {
          "schema_version": 0,
          "attributes": {
            "id": "3795a5d5-0b20-40de-8811-11230d894612",
            "log_group_names": [
              "/ecs/service-ticket-system-dev/api",
              "/ecs/service-ticket-system-dev/ai-service"
            ],
            "name": "service-ticket-system-dev-error-logs",
            "query_definition_id": "3795a5d5-0b20-40de-8811-11230d894612",
            "query_string": "fields @timestamp, @message\n| filter @message like /ERROR/\n| sort @timestamp desc\n| limit 100\n"
          },
          "sensitive_attributes": [],
          "identity_schema_version": 0,
          "private": "bnVsbA=="
        }
      ]
    },
    {
      "module": "module.monitoring",
      "mode": "managed",
      "type": "aws_cloudwatch_query_definition",
      "name": "slow_requests",
      "provider": "provider[\"registry.terraform.io/hashicorp/aws\"]",
      "instances": [
        {
          "schema_version": 0,
          "attributes": {
            "id": "763fe95e-db24-4a22-bef5-f5b3710509d6",
            "log_group_names": [
              "/ecs/service-ticket-system-dev/api"
            ],
            "name": "service-ticket-system-dev-slow-requests",
            "query_definition_id": "763fe95e-db24-4a22-bef5-f5b3710509d6",
            "query_string": "fields @timestamp, @message\n| filter @message like /duration/\n| parse @message /duration: (?\u003cduration\u003e\\d+)/\n| filter duration \u003e 1000\n| sort @timestamp desc\n| limit 50\n"
          },
          "sensitive_attributes": [],
          "identity_schema_version": 0,
          "private": "bnVsbA=="
        }
      ]
    },
    {
      "module": "module.monitoring",
      "mode": "managed",
      "type": "aws_sns_topic",
      "name": "alerts",
      "provider": "provider[\"registry.terraform.io/hashicorp/aws\"]",
      "instances": [
        {
          "schema_version": 0,
          "attributes": {
            "application_failure_feedback_role_arn": "",
            "application_success_feedback_role_arn": "",
            "application_success_feedback_sample_rate": 0,
            "archive_policy": "",
            "arn": "arn:aws:sns:us-east-1:891819783983:service-ticket-system-dev-alerts",
            "beginning_archive_time": "",
            "content_based_deduplication": false,
            "delivery_policy": "",
            "display_name": "",
            "fifo_throughput_scope": "",
            "fifo_topic": false,
            "firehose_failure_feedback_role_arn": "",
            "firehose_success_feedback_role_arn": "",
            "firehose_success_feedback_sample_rate": 0,
            "http_failure_feedback_role_arn": "",
            "http_success_feedback_role_arn": "",
            "http_success_feedback_sample_rate": 0,
            "id": "arn:aws:sns:us-east-1:891819783983:service-ticket-system-dev-alerts",
            "kms_master_key_id": "",
            "lambda_failure_feedback_role_arn": "",
            "lambda_success_feedback_role_arn": "",
            "lambda_success_feedback_sample_rate": 0,
            "name": "service-ticket-system-dev-alerts",
            "name_prefix": "",
            "owner": "891819783983",
            "policy": "{\"Id\":\"__default_policy_ID\",\"Statement\":[{\"Action\":[\"SNS:GetTopicAttributes\",\"SNS:SetTopicAttributes\",\"SNS:AddPermission\",\"SNS:RemovePermission\",\"SNS:DeleteTopic\",\"SNS:Subscribe\",\"SNS:ListSubscriptionsByTopic\",\"SNS:Publish\"],\"Condition\":{\"StringEquals\":{\"AWS:SourceOwner\":\"891819783983\"}},\"Effect\":\"Allow\",\"Principal\":{\"AWS\":\"*\"},\"Resource\":\"arn:aws:sns:us-east-1:891819783983:service-ticket-system-dev-alerts\",\"Sid\":\"__default_statement_ID\"}],\"Version\":\"2008-10-17\"}",
            "signature_version": 0,
            "sqs_failure_feedback_role_arn": "",
            "sqs_success_feedback_role_arn": "",
            "sqs_success_feedback_sample_rate": 0,
            "tags": {
              "Environment": "dev",
              "ManagedBy": "terraform",
              "Name": "service-ticket-system-dev-alerts-topic",
              "Project": "service-ticket-system"
            },
            "tags_all": {
              "Environment": "dev",
              "ManagedBy": "terraform",
              "Name": "service-ticket-system-dev-alerts-topic",
              "Project": "service-ticket-system"
            },
            "tracing_config": ""
          },
          "sensitive_attributes": [],
          "identity_schema_version": 0,
          "private": "bnVsbA=="
        }
      ]
    },
    {
      "module": "module.monitoring",
      "mode": "managed",
      "type": "aws_sns_topic_subscription",
      "name": "email",
      "provider": "provider[\"registry.terraform.io/hashicorp/aws\"]",
      "instances": [
        {
          "index_key": 0,
          "schema_version": 0,
          "attributes": {
            "arn": "arn:aws:sns:us-east-1:891819783983:service-ticket-system-dev-alerts:eb0ed2ec-880b-4757-9912-a4db19ab9a81",
            "confirmation_timeout_in_minutes": 1,
            "confirmation_was_authenticated": false,
            "delivery_policy": "",
            "endpoint": "admin@example.com",
            "endpoint_auto_confirms": false,
            "filter_policy": "",
            "filter_policy_scope": "",
            "id": "arn:aws:sns:us-east-1:891819783983:service-ticket-system-dev-alerts:eb0ed2ec-880b-4757-9912-a4db19ab9a81",
            "owner_id": "891819783983",
            "pending_confirmation": true,
            "protocol": "email",
            "raw_message_delivery": false,
            "redrive_policy": "",
            "replay_policy": "",
            "subscription_role_arn": "",
            "topic_arn": "arn:aws:sns:us-east-1:891819783983:service-ticket-system-dev-alerts"
          },
          "sensitive_attributes": [],
          "identity_schema_version": 0,
          "private": "bnVsbA==",
          "dependencies": [
            "module.monitoring.aws_sns_topic.alerts"
          ]
        }
      ]
    },
    {
      "module": "module.networking",
      "mode": "managed",
      "type": "aws_eip",
      "name": "nat",
      "provider": "provider[\"registry.terraform.io/hashicorp/aws\"]",
      "instances": [
        {
          "index_key": 0,
          "schema_version": 0,
          "attributes": {
            "address": null,
            "allocation_id": "eipalloc-010443f0cd3cc6913",
            "arn": "arn:aws:ec2:us-east-1:891819783983:elastic-ip/eipalloc-010443f0cd3cc6913",
            "associate_with_private_ip": null,
            "association_id": "eipassoc-029cc055bf44ea121",
            "carrier_ip": "",
            "customer_owned_ip": "",
            "customer_owned_ipv4_pool": "",
            "domain": "vpc",
            "id": "eipalloc-010443f0cd3cc6913",
            "instance": "",
            "ipam_pool_id": null,
            "network_border_group": "us-east-1",
            "network_interface": "eni-0a6d966b200be49c7",
            "private_dns": "ip-10-0-0-118.ec2.internal",
            "private_ip": "10.0.0.118",
            "ptr_record": "",
            "public_dns": "ec2-52-4-199-194.compute-1.amazonaws.com",
            "public_ip": "52.4.199.194",
            "public_ipv4_pool": "amazon",
            "tags": {
              "Environment": "dev",
              "ManagedBy": "terraform",
              "Name": "service-ticket-system-dev-nat-eip-1",
              "Project": "service-ticket-system"
            },
            "tags_all": {
              "Environment": "dev",
              "ManagedBy": "terraform",
              "Name": "service-ticket-system-dev-nat-eip-1",
              "Project": "service-ticket-system"
            },
            "timeouts": null,
            "vpc": true
          },
          "sensitive_attributes": [],
          "identity_schema_version": 0,
          "private": "eyJlMmJmYjczMC1lY2FhLTExZTYtOGY4OC0zNDM2M2JjN2M0YzAiOnsiZGVsZXRlIjoxODAwMDAwMDAwMDAsInJlYWQiOjkwMDAwMDAwMDAwMCwidXBkYXRlIjozMDAwMDAwMDAwMDB9fQ==",
          "dependencies": [
            "data.aws_availability_zones.available",
            "module.networking.aws_internet_gateway.main",
            "module.networking.aws_vpc.main"
          ]
        },
        {
          "index_key": 1,
          "schema_version": 0,
          "attributes": {
            "address": null,
            "allocation_id": "eipalloc-0a00ab179db36121a",
            "arn": "arn:aws:ec2:us-east-1:891819783983:elastic-ip/eipalloc-0a00ab179db36121a",
            "associate_with_private_ip": null,
            "association_id": "eipassoc-033840d6f6456a275",
            "carrier_ip": "",
            "customer_owned_ip": "",
            "customer_owned_ipv4_pool": "",
            "domain": "vpc",
            "id": "eipalloc-0a00ab179db36121a",
            "instance": "",
            "ipam_pool_id": null,
            "network_border_group": "us-east-1",
            "network_interface": "eni-02fee58a131098feb",
            "private_dns": "ip-10-0-1-240.ec2.internal",
            "private_ip": "10.0.1.240",
            "ptr_record": "",
            "public_dns": "ec2-34-197-151-173.compute-1.amazonaws.com",
            "public_ip": "34.197.151.173",
            "public_ipv4_pool": "amazon",
            "tags": {
              "Environment": "dev",
              "ManagedBy": "terraform",
              "Name": "service-ticket-system-dev-nat-eip-2",
              "Project": "service-ticket-system"
            },
            "tags_all": {
              "Environment": "dev",
              "ManagedBy": "terraform",
              "Name": "service-ticket-system-dev-nat-eip-2",
              "Project": "service-ticket-system"
            },
            "timeouts": null,
            "vpc": true
          },
          "sensitive_attributes": [],
          "identity_schema_version": 0,
          "private": "eyJlMmJmYjczMC1lY2FhLTExZTYtOGY4OC0zNDM2M2JjN2M0YzAiOnsiZGVsZXRlIjoxODAwMDAwMDAwMDAsInJlYWQiOjkwMDAwMDAwMDAwMCwidXBkYXRlIjozMDAwMDAwMDAwMDB9fQ==",
          "dependencies": [
            "data.aws_availability_zones.available",
            "module.networking.aws_internet_gateway.main",
            "module.networking.aws_vpc.main"
          ]
        },
        {
          "index_key": 2,
          "schema_version": 0,
          "attributes": {
            "address": null,
            "allocation_id": "eipalloc-03d9fdfaf79f33e52",
            "arn": "arn:aws:ec2:us-east-1:891819783983:elastic-ip/eipalloc-03d9fdfaf79f33e52",
            "associate_with_private_ip": null,
            "association_id": "eipassoc-00f530fc3802b6ff4",
            "carrier_ip": "",
            "customer_owned_ip": "",
            "customer_owned_ipv4_pool": "",
            "domain": "vpc",
            "id": "eipalloc-03d9fdfaf79f33e52",
            "instance": "",
            "ipam_pool_id": null,
            "network_border_group": "us-east-1",
            "network_interface": "eni-05cf913dbed461466",
            "private_dns": "ip-10-0-2-232.ec2.internal",
            "private_ip": "10.0.2.232",
            "ptr_record": "",
            "public_dns": "ec2-3-222-75-17.compute-1.amazonaws.com",
            "public_ip": "3.222.75.17",
            "public_ipv4_pool": "amazon",
            "tags": {
              "Environment": "dev",
              "ManagedBy": "terraform",
              "Name": "service-ticket-system-dev-nat-eip-3",
              "Project": "service-ticket-system"
            },
            "tags_all": {
              "Environment": "dev",
              "ManagedBy": "terraform",
              "Name": "service-ticket-system-dev-nat-eip-3",
              "Project": "service-ticket-system"
            },
            "timeouts": null,
            "vpc": true
          },
          "sensitive_attributes": [],
          "identity_schema_version": 0,
          "private": "eyJlMmJmYjczMC1lY2FhLTExZTYtOGY4OC0zNDM2M2JjN2M0YzAiOnsiZGVsZXRlIjoxODAwMDAwMDAwMDAsInJlYWQiOjkwMDAwMDAwMDAwMCwidXBkYXRlIjozMDAwMDAwMDAwMDB9fQ==",
          "dependencies": [
            "data.aws_availability_zones.available",
            "module.networking.aws_internet_gateway.main",
            "module.networking.aws_vpc.main"
          ]
        }
      ]
    },
    {
      "module": "module.networking",
      "mode": "managed",
      "type": "aws_internet_gateway",
      "name": "main",
      "provider": "provider[\"registry.terraform.io/hashicorp/aws\"]",
      "instances": [
        {
          "schema_version": 0,
          "attributes": {
            "arn": "arn:aws:ec2:us-east-1:891819783983:internet-gateway/igw-0f64029a37674bf89",
            "id": "igw-0f64029a37674bf89",
            "owner_id": "891819783983",
            "tags": {
              "Environment": "dev",
              "ManagedBy": "terraform",
              "Name": "service-ticket-system-dev-igw",
              "Project": "service-ticket-system"
            },
            "tags_all": {
              "Environment": "dev",
              "ManagedBy": "terraform",
              "Name": "service-ticket-system-dev-igw",
              "Project": "service-ticket-system"
            },
            "timeouts": null,
            "vpc_id": "vpc-0c6f9d9f788c0992c"
          },
          "sensitive_attributes": [],
          "identity_schema_version": 0,
          "private": "eyJlMmJmYjczMC1lY2FhLTExZTYtOGY4OC0zNDM2M2JjN2M0YzAiOnsiY3JlYXRlIjoxMjAwMDAwMDAwMDAwLCJkZWxldGUiOjEyMDAwMDAwMDAwMDAsInVwZGF0ZSI6MTIwMDAwMDAwMDAwMH19",
          "dependencies": [
            "module.networking.aws_vpc.main"
          ]
        }
      ]
    },
    {
      "module": "module.networking",
      "mode": "managed",
      "type": "aws_nat_gateway",
      "name": "main",
      "provider": "provider[\"registry.terraform.io/hashicorp/aws\"]",
      "instances": [
        {
          "index_key": 0,
          "schema_version": 0,
          "attributes": {
            "allocation_id": "eipalloc-010443f0cd3cc6913",
            "association_id": "eipassoc-029cc055bf44ea121",
            "connectivity_type": "public",
            "id": "nat-084dde581414877a0",
            "network_interface_id": "eni-0a6d966b200be49c7",
            "private_ip": "10.0.0.118",
            "public_ip": "52.4.199.194",
            "secondary_allocation_ids": [],
            "secondary_private_ip_address_count": 0,
            "secondary_private_ip_addresses": [],
            "subnet_id": "subnet-048b546bf0ffb3e3f",
            "tags": {
              "Environment": "dev",
              "ManagedBy": "terraform",
              "Name": "service-ticket-system-dev-nat-gateway-1",
              "Project": "service-ticket-system"
            },
            "tags_all": {
              "Environment": "dev",
              "ManagedBy": "terraform",
              "Name": "service-ticket-system-dev-nat-gateway-1",
              "Project": "service-ticket-system"
            },
            "timeouts": null
          },
          "sensitive_attributes": [],
          "identity_schema_version": 0,
          "private": "eyJlMmJmYjczMC1lY2FhLTExZTYtOGY4OC0zNDM2M2JjN2M0YzAiOnsiY3JlYXRlIjo2MDAwMDAwMDAwMDAsImRlbGV0ZSI6MTgwMDAwMDAwMDAwMCwidXBkYXRlIjo2MDAwMDAwMDAwMDB9fQ==",
          "dependencies": [
            "data.aws_availability_zones.available",
            "module.networking.aws_eip.nat",
            "module.networking.aws_internet_gateway.main",
            "module.networking.aws_subnet.public",
            "module.networking.aws_vpc.main"
          ]
        },
        {
          "index_key": 1,
          "schema_version": 0,
          "attributes": {
            "allocation_id": "eipalloc-0a00ab179db36121a",
            "association_id": "eipassoc-033840d6f6456a275",
            "connectivity_type": "public",
            "id": "nat-00cbc3ce6465044e5",
            "network_interface_id": "eni-02fee58a131098feb",
            "private_ip": "10.0.1.240",
            "public_ip": "34.197.151.173",
            "secondary_allocation_ids": [],
            "secondary_private_ip_address_count": 0,
            "secondary_private_ip_addresses": [],
            "subnet_id": "subnet-09231a95cc7cc5895",
            "tags": {
              "Environment": "dev",
              "ManagedBy": "terraform",
              "Name": "service-ticket-system-dev-nat-gateway-2",
              "Project": "service-ticket-system"
            },
            "tags_all": {
              "Environment": "dev",
              "ManagedBy": "terraform",
              "Name": "service-ticket-system-dev-nat-gateway-2",
              "Project": "service-ticket-system"
            },
            "timeouts": null
          },
          "sensitive_attributes": [],
          "identity_schema_version": 0,
          "private": "eyJlMmJmYjczMC1lY2FhLTExZTYtOGY4OC0zNDM2M2JjN2M0YzAiOnsiY3JlYXRlIjo2MDAwMDAwMDAwMDAsImRlbGV0ZSI6MTgwMDAwMDAwMDAwMCwidXBkYXRlIjo2MDAwMDAwMDAwMDB9fQ==",
          "dependencies": [
            "data.aws_availability_zones.available",
            "module.networking.aws_eip.nat",
            "module.networking.aws_internet_gateway.main",
            "module.networking.aws_subnet.public",
            "module.networking.aws_vpc.main"
          ]
        },
        {
          "index_key": 2,
          "schema_version": 0,
          "attributes": {
            "allocation_id": "eipalloc-03d9fdfaf79f33e52",
            "association_id": "eipassoc-00f530fc3802b6ff4",
            "connectivity_type": "public",
            "id": "nat-080eb44410e770af0",
            "network_interface_id": "eni-05cf913dbed461466",
            "private_ip": "10.0.2.232",
            "public_ip": "3.222.75.17",
            "secondary_allocation_ids": [],
            "secondary_private_ip_address_count": 0,
            "secondary_private_ip_addresses": [],
            "subnet_id": "subnet-044f84f1b87c948e8",
            "tags": {
              "Environment": "dev",
              "ManagedBy": "terraform",
              "Name": "service-ticket-system-dev-nat-gateway-3",
              "Project": "service-ticket-system"
            },
            "tags_all": {
              "Environment": "dev",
              "ManagedBy": "terraform",
              "Name": "service-ticket-system-dev-nat-gateway-3",
              "Project": "service-ticket-system"
            },
            "timeouts": null
          },
          "sensitive_attributes": [],
          "identity_schema_version": 0,
          "private": "eyJlMmJmYjczMC1lY2FhLTExZTYtOGY4OC0zNDM2M2JjN2M0YzAiOnsiY3JlYXRlIjo2MDAwMDAwMDAwMDAsImRlbGV0ZSI6MTgwMDAwMDAwMDAwMCwidXBkYXRlIjo2MDAwMDAwMDAwMDB9fQ==",
          "dependencies": [
            "data.aws_availability_zones.available",
            "module.networking.aws_eip.nat",
            "module.networking.aws_internet_gateway.main",
            "module.networking.aws_subnet.public",
            "module.networking.aws_vpc.main"
          ]
        }
      ]
    },
    {
      "module": "module.networking",
      "mode": "managed",
      "type": "aws_route_table",
      "name": "private",
      "provider": "provider[\"registry.terraform.io/hashicorp/aws\"]",
      "instances": [
        {
          "index_key": 0,
          "schema_version": 0,
          "attributes": {
            "arn": "arn:aws:ec2:us-east-1:891819783983:route-table/rtb-09c88f91b207da3ae",
            "id": "rtb-09c88f91b207da3ae",
            "owner_id": "891819783983",
            "propagating_vgws": [],
            "route": [
              {
                "carrier_gateway_id": "",
                "cidr_block": "0.0.0.0/0",
                "core_network_arn": "",
                "destination_prefix_list_id": "",
                "egress_only_gateway_id": "",
                "gateway_id": "",
                "ipv6_cidr_block": "",
                "local_gateway_id": "",
                "nat_gateway_id": "nat-084dde581414877a0",
                "network_interface_id": "",
                "transit_gateway_id": "",
                "vpc_endpoint_id": "",
                "vpc_peering_connection_id": ""
              }
            ],
            "tags": {
              "Environment": "dev",
              "ManagedBy": "terraform",
              "Name": "service-ticket-system-dev-private-rt-1",
              "Project": "service-ticket-system"
            },
            "tags_all": {
              "Environment": "dev",
              "ManagedBy": "terraform",
              "Name": "service-ticket-system-dev-private-rt-1",
              "Project": "service-ticket-system"
            },
            "timeouts": null,
            "vpc_id": "vpc-0c6f9d9f788c0992c"
          },
          "sensitive_attributes": [],
          "identity_schema_version": 0,
          "private": "eyJlMmJmYjczMC1lY2FhLTExZTYtOGY4OC0zNDM2M2JjN2M0YzAiOnsiY3JlYXRlIjozMDAwMDAwMDAwMDAsImRlbGV0ZSI6MzAwMDAwMDAwMDAwLCJ1cGRhdGUiOjEyMDAwMDAwMDAwMH19",
          "dependencies": [
            "data.aws_availability_zones.available",
            "module.networking.aws_eip.nat",
            "module.networking.aws_internet_gateway.main",
            "module.networking.aws_nat_gateway.main",
            "module.networking.aws_subnet.public",
            "module.networking.aws_vpc.main"
          ]
        },
        {
          "index_key": 1,
          "schema_version": 0,
          "attributes": {
            "arn": "arn:aws:ec2:us-east-1:891819783983:route-table/rtb-0cb353250c66c55d5",
            "id": "rtb-0cb353250c66c55d5",
            "owner_id": "891819783983",
            "propagating_vgws": [],
            "route": [
              {
                "carrier_gateway_id": "",
                "cidr_block": "0.0.0.0/0",
                "core_network_arn": "",
                "destination_prefix_list_id": "",
                "egress_only_gateway_id": "",
                "gateway_id": "",
                "ipv6_cidr_block": "",
                "local_gateway_id": "",
                "nat_gateway_id": "nat-00cbc3ce6465044e5",
                "network_interface_id": "",
                "transit_gateway_id": "",
                "vpc_endpoint_id": "",
                "vpc_peering_connection_id": ""
              }
            ],
            "tags": {
              "Environment": "dev",
              "ManagedBy": "terraform",
              "Name": "service-ticket-system-dev-private-rt-2",
              "Project": "service-ticket-system"
            },
            "tags_all": {
              "Environment": "dev",
              "ManagedBy": "terraform",
              "Name": "service-ticket-system-dev-private-rt-2",
              "Project": "service-ticket-system"
            },
            "timeouts": null,
            "vpc_id": "vpc-0c6f9d9f788c0992c"
          },
          "sensitive_attributes": [],
          "identity_schema_version": 0,
          "private": "eyJlMmJmYjczMC1lY2FhLTExZTYtOGY4OC0zNDM2M2JjN2M0YzAiOnsiY3JlYXRlIjozMDAwMDAwMDAwMDAsImRlbGV0ZSI6MzAwMDAwMDAwMDAwLCJ1cGRhdGUiOjEyMDAwMDAwMDAwMH19",
          "dependencies": [
            "data.aws_availability_zones.available",
            "module.networking.aws_eip.nat",
            "module.networking.aws_internet_gateway.main",
            "module.networking.aws_nat_gateway.main",
            "module.networking.aws_subnet.public",
            "module.networking.aws_vpc.main"
          ]
        },
        {
          "index_key": 2,
          "schema_version": 0,
          "attributes": {
            "arn": "arn:aws:ec2:us-east-1:891819783983:route-table/rtb-02fe33785ee75c34d",
            "id": "rtb-02fe33785ee75c34d",
            "owner_id": "891819783983",
            "propagating_vgws": [],
            "route": [
              {
                "carrier_gateway_id": "",
                "cidr_block": "0.0.0.0/0",
                "core_network_arn": "",
                "destination_prefix_list_id": "",
                "egress_only_gateway_id": "",
                "gateway_id": "",
                "ipv6_cidr_block": "",
                "local_gateway_id": "",
                "nat_gateway_id": "nat-080eb44410e770af0",
                "network_interface_id": "",
                "transit_gateway_id": "",
                "vpc_endpoint_id": "",
                "vpc_peering_connection_id": ""
              }
            ],
            "tags": {
              "Environment": "dev",
              "ManagedBy": "terraform",
              "Name": "service-ticket-system-dev-private-rt-3",
              "Project": "service-ticket-system"
            },
            "tags_all": {
              "Environment": "dev",
              "ManagedBy": "terraform",
              "Name": "service-ticket-system-dev-private-rt-3",
              "Project": "service-ticket-system"
            },
            "timeouts": null,
            "vpc_id": "vpc-0c6f9d9f788c0992c"
          },
          "sensitive_attributes": [],
          "identity_schema_version": 0,
          "private": "eyJlMmJmYjczMC1lY2FhLTExZTYtOGY4OC0zNDM2M2JjN2M0YzAiOnsiY3JlYXRlIjozMDAwMDAwMDAwMDAsImRlbGV0ZSI6MzAwMDAwMDAwMDAwLCJ1cGRhdGUiOjEyMDAwMDAwMDAwMH19",
          "dependencies": [
            "data.aws_availability_zones.available",
            "module.networking.aws_eip.nat",
            "module.networking.aws_internet_gateway.main",
            "module.networking.aws_nat_gateway.main",
            "module.networking.aws_subnet.public",
            "module.networking.aws_vpc.main"
          ]
        }
      ]
    },
    {
      "module": "module.networking",
      "mode": "managed",
      "type": "aws_route_table",
      "name": "public",
      "provider": "provider[\"registry.terraform.io/hashicorp/aws\"]",
      "instances": [
        {
          "schema_version": 0,
          "attributes": {
            "arn": "arn:aws:ec2:us-east-1:891819783983:route-table/rtb-014885a25b47321a4",
            "id": "rtb-014885a25b47321a4",
            "owner_id": "891819783983",
            "propagating_vgws": [],
            "route": [
              {
                "carrier_gateway_id": "",
                "cidr_block": "0.0.0.0/0",
                "core_network_arn": "",
                "destination_prefix_list_id": "",
                "egress_only_gateway_id": "",
                "gateway_id": "igw-0f64029a37674bf89",
                "ipv6_cidr_block": "",
                "local_gateway_id": "",
                "nat_gateway_id": "",
                "network_interface_id": "",
                "transit_gateway_id": "",
                "vpc_endpoint_id": "",
                "vpc_peering_connection_id": ""
              }
            ],
            "tags": {
              "Environment": "dev",
              "ManagedBy": "terraform",
              "Name": "service-ticket-system-dev-public-rt",
              "Project": "service-ticket-system"
            },
            "tags_all": {
              "Environment": "dev",
              "ManagedBy": "terraform",
              "Name": "service-ticket-system-dev-public-rt",
              "Project": "service-ticket-system"
            },
            "timeouts": null,
            "vpc_id": "vpc-0c6f9d9f788c0992c"
          },
          "sensitive_attributes": [],
          "identity_schema_version": 0,
          "private": "eyJlMmJmYjczMC1lY2FhLTExZTYtOGY4OC0zNDM2M2JjN2M0YzAiOnsiY3JlYXRlIjozMDAwMDAwMDAwMDAsImRlbGV0ZSI6MzAwMDAwMDAwMDAwLCJ1cGRhdGUiOjEyMDAwMDAwMDAwMH19",
          "dependencies": [
            "module.networking.aws_internet_gateway.main",
            "module.networking.aws_vpc.main"
          ]
        }
      ]
    },
    {
      "module": "module.networking",
      "mode": "managed",
      "type": "aws_route_table_association",
      "name": "private",
      "provider": "provider[\"registry.terraform.io/hashicorp/aws\"]",
      "instances": [
        {
          "index_key": 0,
          "schema_version": 0,
          "attributes": {
            "gateway_id": "",
            "id": "rtbassoc-0118fd2fa9e2315fb",
            "route_table_id": "rtb-09c88f91b207da3ae",
            "subnet_id": "subnet-021d953934279eeda",
            "timeouts": null
          },
          "sensitive_attributes": [],
          "identity_schema_version": 0,
          "private": "eyJlMmJmYjczMC1lY2FhLTExZTYtOGY4OC0zNDM2M2JjN2M0YzAiOnsiY3JlYXRlIjozMDAwMDAwMDAwMDAsImRlbGV0ZSI6MzAwMDAwMDAwMDAwLCJ1cGRhdGUiOjEyMDAwMDAwMDAwMH19",
          "dependencies": [
            "data.aws_availability_zones.available",
            "module.networking.aws_eip.nat",
            "module.networking.aws_internet_gateway.main",
            "module.networking.aws_nat_gateway.main",
            "module.networking.aws_route_table.private",
            "module.networking.aws_subnet.private",
            "module.networking.aws_subnet.public",
            "module.networking.aws_vpc.main"
          ]
        },
        {
          "index_key": 1,
          "schema_version": 0,
          "attributes": {
            "gateway_id": "",
            "id": "rtbassoc-00f078f4fbd037e5d",
            "route_table_id": "rtb-0cb353250c66c55d5",
            "subnet_id": "subnet-07ebd9a7e21be6af7",
            "timeouts": null
          },
          "sensitive_attributes": [],
          "identity_schema_version": 0,
          "private": "eyJlMmJmYjczMC1lY2FhLTExZTYtOGY4OC0zNDM2M2JjN2M0YzAiOnsiY3JlYXRlIjozMDAwMDAwMDAwMDAsImRlbGV0ZSI6MzAwMDAwMDAwMDAwLCJ1cGRhdGUiOjEyMDAwMDAwMDAwMH19",
          "dependencies": [
            "data.aws_availability_zones.available",
            "module.networking.aws_eip.nat",
            "module.networking.aws_internet_gateway.main",
            "module.networking.aws_nat_gateway.main",
            "module.networking.aws_route_table.private",
            "module.networking.aws_subnet.private",
            "module.networking.aws_subnet.public",
            "module.networking.aws_vpc.main"
          ]
        },
        {
          "index_key": 2,
          "schema_version": 0,
          "attributes": {
            "gateway_id": "",
            "id": "rtbassoc-0aa8cff865b1545fb",
            "route_table_id": "rtb-02fe33785ee75c34d",
            "subnet_id": "subnet-071bd61cd9240bba7",
            "timeouts": null
          },
          "sensitive_attributes": [],
          "identity_schema_version": 0,
          "private": "eyJlMmJmYjczMC1lY2FhLTExZTYtOGY4OC0zNDM2M2JjN2M0YzAiOnsiY3JlYXRlIjozMDAwMDAwMDAwMDAsImRlbGV0ZSI6MzAwMDAwMDAwMDAwLCJ1cGRhdGUiOjEyMDAwMDAwMDAwMH19",
          "dependencies": [
            "data.aws_availability_zones.available",
            "module.networking.aws_eip.nat",
            "module.networking.aws_internet_gateway.main",
            "module.networking.aws_nat_gateway.main",
            "module.networking.aws_route_table.private",
            "module.networking.aws_subnet.private",
            "module.networking.aws_subnet.public",
            "module.networking.aws_vpc.main"
          ]
        }
      ]
    },
    {
      "module": "module.networking",
      "mode": "managed",
      "type": "aws_route_table_association",
      "name": "public",
      "provider": "provider[\"registry.terraform.io/hashicorp/aws\"]",
      "instances": [
        {
          "index_key": 0,
          "schema_version": 0,
          "attributes": {
            "gateway_id": "",
            "id": "rtbassoc-0734b898b3dbd8e2d",
            "route_table_id": "rtb-014885a25b47321a4",
            "subnet_id": "subnet-048b546bf0ffb3e3f",
            "timeouts": null
          },
          "sensitive_attributes": [],
          "identity_schema_version": 0,
          "private": "eyJlMmJmYjczMC1lY2FhLTExZTYtOGY4OC0zNDM2M2JjN2M0YzAiOnsiY3JlYXRlIjozMDAwMDAwMDAwMDAsImRlbGV0ZSI6MzAwMDAwMDAwMDAwLCJ1cGRhdGUiOjEyMDAwMDAwMDAwMH19",
          "dependencies": [
            "data.aws_availability_zones.available",
            "module.networking.aws_internet_gateway.main",
            "module.networking.aws_route_table.public",
            "module.networking.aws_subnet.public",
            "module.networking.aws_vpc.main"
          ]
        },
        {
          "index_key": 1,
          "schema_version": 0,
          "attributes": {
            "gateway_id": "",
            "id": "rtbassoc-0698369be32ec5274",
            "route_table_id": "rtb-014885a25b47321a4",
            "subnet_id": "subnet-09231a95cc7cc5895",
            "timeouts": null
          },
          "sensitive_attributes": [],
          "identity_schema_version": 0,
          "private": "eyJlMmJmYjczMC1lY2FhLTExZTYtOGY4OC0zNDM2M2JjN2M0YzAiOnsiY3JlYXRlIjozMDAwMDAwMDAwMDAsImRlbGV0ZSI6MzAwMDAwMDAwMDAwLCJ1cGRhdGUiOjEyMDAwMDAwMDAwMH19",
          "dependencies": [
            "data.aws_availability_zones.available",
            "module.networking.aws_internet_gateway.main",
            "module.networking.aws_route_table.public",
            "module.networking.aws_subnet.public",
            "module.networking.aws_vpc.main"
          ]
        },
        {
          "index_key": 2,
          "schema_version": 0,
          "attributes": {
            "gateway_id": "",
            "id": "rtbassoc-0ecc836b900554161",
            "route_table_id": "rtb-014885a25b47321a4",
            "subnet_id": "subnet-044f84f1b87c948e8",
            "timeouts": null
          },
          "sensitive_attributes": [],
          "identity_schema_version": 0,
          "private": "eyJlMmJmYjczMC1lY2FhLTExZTYtOGY4OC0zNDM2M2JjN2M0YzAiOnsiY3JlYXRlIjozMDAwMDAwMDAwMDAsImRlbGV0ZSI6MzAwMDAwMDAwMDAwLCJ1cGRhdGUiOjEyMDAwMDAwMDAwMH19",
          "dependencies": [
            "data.aws_availability_zones.available",
            "module.networking.aws_internet_gateway.main",
            "module.networking.aws_route_table.public",
            "module.networking.aws_subnet.public",
            "module.networking.aws_vpc.main"
          ]
        }
      ]
    },
    {
      "module": "module.networking",
      "mode": "managed",
      "type": "aws_security_group",
      "name": "alb",
      "provider": "provider[\"registry.terraform.io/hashicorp/aws\"]",
      "instances": [
        {
          "schema_version": 1,
          "attributes": {
            "arn": "arn:aws:ec2:us-east-1:891819783983:security-group/sg-0a8045c616b68bbd5",
            "description": "Managed by Terraform",
            "egress": [
              {
                "cidr_blocks": [
                  "0.0.0.0/0"
                ],
                "description": "",
                "from_port": 0,
                "ipv6_cidr_blocks": [],
                "prefix_list_ids": [],
                "protocol": "-1",
                "security_groups": [],
                "self": false,
                "to_port": 0
              }
            ],
            "id": "sg-0a8045c616b68bbd5",
            "ingress": [
              {
                "cidr_blocks": [
                  "0.0.0.0/0"
                ],
                "description": "HTTP",
                "from_port": 80,
                "ipv6_cidr_blocks": [],
                "prefix_list_ids": [],
                "protocol": "tcp",
                "security_groups": [],
                "self": false,
                "to_port": 80
              },
              {
                "cidr_blocks": [
                  "0.0.0.0/0"
                ],
                "description": "HTTPS",
                "from_port": 443,
                "ipv6_cidr_blocks": [],
                "prefix_list_ids": [],
                "protocol": "tcp",
                "security_groups": [],
                "self": false,
                "to_port": 443
              }
            ],
            "name": "service-ticket-system-dev-alb-2025083021575999930000000b",
            "name_prefix": "service-ticket-system-dev-alb-",
            "owner_id": "891819783983",
            "revoke_rules_on_delete": false,
            "tags": {
              "Environment": "dev",
              "ManagedBy": "terraform",
              "Name": "service-ticket-system-dev-alb-sg",
              "Project": "service-ticket-system"
            },
            "tags_all": {
              "Environment": "dev",
              "ManagedBy": "terraform",
              "Name": "service-ticket-system-dev-alb-sg",
              "Project": "service-ticket-system"
            },
            "timeouts": null,
            "vpc_id": "vpc-0c6f9d9f788c0992c"
          },
          "sensitive_attributes": [],
          "identity_schema_version": 0,
          "private": "eyJlMmJmYjczMC1lY2FhLTExZTYtOGY4OC0zNDM2M2JjN2M0YzAiOnsiY3JlYXRlIjo2MDAwMDAwMDAwMDAsImRlbGV0ZSI6OTAwMDAwMDAwMDAwfSwic2NoZW1hX3ZlcnNpb24iOiIxIn0=",
          "dependencies": [
            "module.networking.aws_vpc.main"
          ],
          "create_before_destroy": true
        }
      ]
    },
    {
      "module": "module.networking",
      "mode": "managed",
      "type": "aws_security_group",
      "name": "cache",
      "provider": "provider[\"registry.terraform.io/hashicorp/aws\"]",
      "instances": [
        {
          "schema_version": 1,
          "attributes": {
            "arn": "arn:aws:ec2:us-east-1:891819783983:security-group/sg-098a78145f7488802",
            "description": "Managed by Terraform",
            "egress": [
              {
                "cidr_blocks": [
                  "0.0.0.0/0"
                ],
                "description": "",
                "from_port": 0,
                "ipv6_cidr_blocks": [],
                "prefix_list_ids": [],
                "protocol": "-1",
                "security_groups": [],
                "self": false,
                "to_port": 0
              }
            ],
            "id": "sg-098a78145f7488802",
            "ingress": [
              {
                "cidr_blocks": [],
                "description": "Redis from ECS",
                "from_port": 6379,
                "ipv6_cidr_blocks": [],
                "prefix_list_ids": [],
                "protocol": "tcp",
                "security_groups": [
                  "sg-0f76548f8b5c67ee3"
                ],
                "self": false,
                "to_port": 6379
              }
            ],
            "name": "service-ticket-system-dev-cache-20250830215811473400000010",
            "name_prefix": "service-ticket-system-dev-cache-",
            "owner_id": "891819783983",
            "revoke_rules_on_delete": false,
            "tags": {
              "Environment": "dev",
              "ManagedBy": "terraform",
              "Name": "service-ticket-system-dev-cache-sg",
              "Project": "service-ticket-system"
            },
            "tags_all": {
              "Environment": "dev",
              "ManagedBy": "terraform",
              "Name": "service-ticket-system-dev-cache-sg",
              "Project": "service-ticket-system"
            },
            "timeouts": null,
            "vpc_id": "vpc-0c6f9d9f788c0992c"
          },
          "sensitive_attributes": [],
          "identity_schema_version": 0,
          "private": "eyJlMmJmYjczMC1lY2FhLTExZTYtOGY4OC0zNDM2M2JjN2M0YzAiOnsiY3JlYXRlIjo2MDAwMDAwMDAwMDAsImRlbGV0ZSI6OTAwMDAwMDAwMDAwfSwic2NoZW1hX3ZlcnNpb24iOiIxIn0=",
          "dependencies": [
            "module.networking.aws_security_group.alb",
            "module.networking.aws_security_group.ecs",
            "module.networking.aws_vpc.main"
          ],
          "create_before_destroy": true
        }
      ]
    },
    {
      "module": "module.networking",
      "mode": "managed",
      "type": "aws_security_group",
      "name": "database",
      "provider": "provider[\"registry.terraform.io/hashicorp/aws\"]",
      "instances": [
        {
          "schema_version": 1,
          "attributes": {
            "arn": "arn:aws:ec2:us-east-1:891819783983:security-group/sg-0d0b977de92c40943",
            "description": "Managed by Terraform",
            "egress": [
              {
                "cidr_blocks": [
                  "0.0.0.0/0"
                ],
                "description": "",
                "from_port": 0,
                "ipv6_cidr_blocks": [],
                "prefix_list_ids": [],
                "protocol": "-1",
                "security_groups": [],
                "self": false,
                "to_port": 0
              }
            ],
            "id": "sg-0d0b977de92c40943",
            "ingress": [
              {
                "cidr_blocks": [],
                "description": "PostgreSQL from ECS",
                "from_port": 5432,
                "ipv6_cidr_blocks": [],
                "prefix_list_ids": [],
                "protocol": "tcp",
                "security_groups": [
                  "sg-0f76548f8b5c67ee3"
                ],
                "self": false,
                "to_port": 5432
              }
            ],
            "name": "service-ticket-system-dev-db-20250830215811473800000011",
            "name_prefix": "service-ticket-system-dev-db-",
            "owner_id": "891819783983",
            "revoke_rules_on_delete": false,
            "tags": {
              "Environment": "dev",
              "ManagedBy": "terraform",
              "Name": "service-ticket-system-dev-db-sg",
              "Project": "service-ticket-system"
            },
            "tags_all": {
              "Environment": "dev",
              "ManagedBy": "terraform",
              "Name": "service-ticket-system-dev-db-sg",
              "Project": "service-ticket-system"
            },
            "timeouts": null,
            "vpc_id": "vpc-0c6f9d9f788c0992c"
          },
          "sensitive_attributes": [],
          "identity_schema_version": 0,
          "private": "eyJlMmJmYjczMC1lY2FhLTExZTYtOGY4OC0zNDM2M2JjN2M0YzAiOnsiY3JlYXRlIjo2MDAwMDAwMDAwMDAsImRlbGV0ZSI6OTAwMDAwMDAwMDAwfSwic2NoZW1hX3ZlcnNpb24iOiIxIn0=",
          "dependencies": [
            "module.networking.aws_security_group.alb",
            "module.networking.aws_security_group.ecs",
            "module.networking.aws_vpc.main"
          ],
          "create_before_destroy": true
        }
      ]
    },
    {
      "module": "module.networking",
      "mode": "managed",
      "type": "aws_security_group",
      "name": "ecs",
      "provider": "provider[\"registry.terraform.io/hashicorp/aws\"]",
      "instances": [
        {
          "schema_version": 1,
          "attributes": {
            "arn": "arn:aws:ec2:us-east-1:891819783983:security-group/sg-0f76548f8b5c67ee3",
            "description": "Managed by Terraform",
            "egress": [
              {
                "cidr_blocks": [
                  "0.0.0.0/0"
                ],
                "description": "",
                "from_port": 0,
                "ipv6_cidr_blocks": [],
                "prefix_list_ids": [],
                "protocol": "-1",
                "security_groups": [],
                "self": false,
                "to_port": 0
              }
            ],
            "id": "sg-0f76548f8b5c67ee3",
            "ingress": [
              {
                "cidr_blocks": [],
                "description": "AI Service from ALB",
                "from_port": 3001,
                "ipv6_cidr_blocks": [],
                "prefix_list_ids": [],
                "protocol": "tcp",
                "security_groups": [
                  "sg-0a8045c616b68bbd5"
                ],
                "self": false,
                "to_port": 3001
              },
              {
                "cidr_blocks": [],
                "description": "HTTP from ALB",
                "from_port": 3000,
                "ipv6_cidr_blocks": [],
                "prefix_list_ids": [],
                "protocol": "tcp",
                "security_groups": [
                  "sg-0a8045c616b68bbd5"
                ],
                "self": false,
                "to_port": 3000
              }
            ],
            "name": "service-ticket-system-dev-ecs-2025083021580751040000000e",
            "name_prefix": "service-ticket-system-dev-ecs-",
            "owner_id": "891819783983",
            "revoke_rules_on_delete": false,
            "tags": {
              "Environment": "dev",
              "ManagedBy": "terraform",
              "Name": "service-ticket-system-dev-ecs-sg",
              "Project": "service-ticket-system"
            },
            "tags_all": {
              "Environment": "dev",
              "ManagedBy": "terraform",
              "Name": "service-ticket-system-dev-ecs-sg",
              "Project": "service-ticket-system"
            },
            "timeouts": null,
            "vpc_id": "vpc-0c6f9d9f788c0992c"
          },
          "sensitive_attributes": [],
          "identity_schema_version": 0,
          "private": "eyJlMmJmYjczMC1lY2FhLTExZTYtOGY4OC0zNDM2M2JjN2M0YzAiOnsiY3JlYXRlIjo2MDAwMDAwMDAwMDAsImRlbGV0ZSI6OTAwMDAwMDAwMDAwfSwic2NoZW1hX3ZlcnNpb24iOiIxIn0=",
          "dependencies": [
            "module.networking.aws_security_group.alb",
            "module.networking.aws_vpc.main"
          ],
          "create_before_destroy": true
        }
      ]
    },
    {
      "module": "module.networking",
      "mode": "managed",
      "type": "aws_subnet",
      "name": "private",
      "provider": "provider[\"registry.terraform.io/hashicorp/aws\"]",
      "instances": [
        {
          "index_key": 0,
          "schema_version": 1,
          "attributes": {
            "arn": "arn:aws:ec2:us-east-1:891819783983:subnet/subnet-021d953934279eeda",
            "assign_ipv6_address_on_creation": false,
            "availability_zone": "us-east-1a",
            "availability_zone_id": "use1-az1",
            "cidr_block": "10.0.10.0/24",
            "customer_owned_ipv4_pool": "",
            "enable_dns64": false,
            "enable_lni_at_device_index": 0,
            "enable_resource_name_dns_a_record_on_launch": false,
            "enable_resource_name_dns_aaaa_record_on_launch": false,
            "id": "subnet-021d953934279eeda",
            "ipv6_cidr_block": "",
            "ipv6_cidr_block_association_id": "",
            "ipv6_native": false,
            "map_customer_owned_ip_on_launch": false,
            "map_public_ip_on_launch": false,
            "outpost_arn": "",
            "owner_id": "891819783983",
            "private_dns_hostname_type_on_launch": "ip-name",
            "tags": {
              "Environment": "dev",
              "ManagedBy": "terraform",
              "Name": "service-ticket-system-dev-private-subnet-1",
              "Project": "service-ticket-system",
              "Type": "Private"
            },
            "tags_all": {
              "Environment": "dev",
              "ManagedBy": "terraform",
              "Name": "service-ticket-system-dev-private-subnet-1",
              "Project": "service-ticket-system",
              "Type": "Private"
            },
            "timeouts": null,
            "vpc_id": "vpc-0c6f9d9f788c0992c"
          },
          "sensitive_attributes": [],
          "identity_schema_version": 0,
          "private": "eyJlMmJmYjczMC1lY2FhLTExZTYtOGY4OC0zNDM2M2JjN2M0YzAiOnsiY3JlYXRlIjo2MDAwMDAwMDAwMDAsImRlbGV0ZSI6MTIwMDAwMDAwMDAwMH0sInNjaGVtYV92ZXJzaW9uIjoiMSJ9",
          "dependencies": [
            "data.aws_availability_zones.available",
            "module.networking.aws_vpc.main"
          ]
        },
        {
          "index_key": 1,
          "schema_version": 1,
          "attributes": {
            "arn": "arn:aws:ec2:us-east-1:891819783983:subnet/subnet-07ebd9a7e21be6af7",
            "assign_ipv6_address_on_creation": false,
            "availability_zone": "us-east-1b",
            "availability_zone_id": "use1-az2",
            "cidr_block": "10.0.11.0/24",
            "customer_owned_ipv4_pool": "",
            "enable_dns64": false,
            "enable_lni_at_device_index": 0,
            "enable_resource_name_dns_a_record_on_launch": false,
            "enable_resource_name_dns_aaaa_record_on_launch": false,
            "id": "subnet-07ebd9a7e21be6af7",
            "ipv6_cidr_block": "",
            "ipv6_cidr_block_association_id": "",
            "ipv6_native": false,
            "map_customer_owned_ip_on_launch": false,
            "map_public_ip_on_launch": false,
            "outpost_arn": "",
            "owner_id": "891819783983",
            "private_dns_hostname_type_on_launch": "ip-name",
            "tags": {
              "Environment": "dev",
              "ManagedBy": "terraform",
              "Name": "service-ticket-system-dev-private-subnet-2",
              "Project": "service-ticket-system",
              "Type": "Private"
            },
            "tags_all": {
              "Environment": "dev",
              "ManagedBy": "terraform",
              "Name": "service-ticket-system-dev-private-subnet-2",
              "Project": "service-ticket-system",
              "Type": "Private"
            },
            "timeouts": null,
            "vpc_id": "vpc-0c6f9d9f788c0992c"
          },
          "sensitive_attributes": [],
          "identity_schema_version": 0,
          "private": "eyJlMmJmYjczMC1lY2FhLTExZTYtOGY4OC0zNDM2M2JjN2M0YzAiOnsiY3JlYXRlIjo2MDAwMDAwMDAwMDAsImRlbGV0ZSI6MTIwMDAwMDAwMDAwMH0sInNjaGVtYV92ZXJzaW9uIjoiMSJ9",
          "dependencies": [
            "data.aws_availability_zones.available",
            "module.networking.aws_vpc.main"
          ]
        },
        {
          "index_key": 2,
          "schema_version": 1,
          "attributes": {
            "arn": "arn:aws:ec2:us-east-1:891819783983:subnet/subnet-071bd61cd9240bba7",
            "assign_ipv6_address_on_creation": false,
            "availability_zone": "us-east-1c",
            "availability_zone_id": "use1-az4",
            "cidr_block": "10.0.12.0/24",
            "customer_owned_ipv4_pool": "",
            "enable_dns64": false,
            "enable_lni_at_device_index": 0,
            "enable_resource_name_dns_a_record_on_launch": false,
            "enable_resource_name_dns_aaaa_record_on_launch": false,
            "id": "subnet-071bd61cd9240bba7",
            "ipv6_cidr_block": "",
            "ipv6_cidr_block_association_id": "",
            "ipv6_native": false,
            "map_customer_owned_ip_on_launch": false,
            "map_public_ip_on_launch": false,
            "outpost_arn": "",
            "owner_id": "891819783983",
            "private_dns_hostname_type_on_launch": "ip-name",
            "tags": {
              "Environment": "dev",
              "ManagedBy": "terraform",
              "Name": "service-ticket-system-dev-private-subnet-3",
              "Project": "service-ticket-system",
              "Type": "Private"
            },
            "tags_all": {
              "Environment": "dev",
              "ManagedBy": "terraform",
              "Name": "service-ticket-system-dev-private-subnet-3",
              "Project": "service-ticket-system",
              "Type": "Private"
            },
            "timeouts": null,
            "vpc_id": "vpc-0c6f9d9f788c0992c"
          },
          "sensitive_attributes": [],
          "identity_schema_version": 0,
          "private": "eyJlMmJmYjczMC1lY2FhLTExZTYtOGY4OC0zNDM2M2JjN2M0YzAiOnsiY3JlYXRlIjo2MDAwMDAwMDAwMDAsImRlbGV0ZSI6MTIwMDAwMDAwMDAwMH0sInNjaGVtYV92ZXJzaW9uIjoiMSJ9",
          "dependencies": [
            "data.aws_availability_zones.available",
            "module.networking.aws_vpc.main"
          ]
        }
      ]
    },
    {
      "module": "module.networking",
      "mode": "managed",
      "type": "aws_subnet",
      "name": "public",
      "provider": "provider[\"registry.terraform.io/hashicorp/aws\"]",
      "instances": [
        {
          "index_key": 0,
          "schema_version": 1,
          "attributes": {
            "arn": "arn:aws:ec2:us-east-1:891819783983:subnet/subnet-048b546bf0ffb3e3f",
            "assign_ipv6_address_on_creation": false,
            "availability_zone": "us-east-1a",
            "availability_zone_id": "use1-az1",
            "cidr_block": "10.0.0.0/24",
            "customer_owned_ipv4_pool": "",
            "enable_dns64": false,
            "enable_lni_at_device_index": 0,
            "enable_resource_name_dns_a_record_on_launch": false,
            "enable_resource_name_dns_aaaa_record_on_launch": false,
            "id": "subnet-048b546bf0ffb3e3f",
            "ipv6_cidr_block": "",
            "ipv6_cidr_block_association_id": "",
            "ipv6_native": false,
            "map_customer_owned_ip_on_launch": false,
            "map_public_ip_on_launch": true,
            "outpost_arn": "",
            "owner_id": "891819783983",
            "private_dns_hostname_type_on_launch": "ip-name",
            "tags": {
              "Environment": "dev",
              "ManagedBy": "terraform",
              "Name": "service-ticket-system-dev-public-subnet-1",
              "Project": "service-ticket-system",
              "Type": "Public"
            },
            "tags_all": {
              "Environment": "dev",
              "ManagedBy": "terraform",
              "Name": "service-ticket-system-dev-public-subnet-1",
              "Project": "service-ticket-system",
              "Type": "Public"
            },
            "timeouts": null,
            "vpc_id": "vpc-0c6f9d9f788c0992c"
          },
          "sensitive_attributes": [],
          "identity_schema_version": 0,
          "private": "eyJlMmJmYjczMC1lY2FhLTExZTYtOGY4OC0zNDM2M2JjN2M0YzAiOnsiY3JlYXRlIjo2MDAwMDAwMDAwMDAsImRlbGV0ZSI6MTIwMDAwMDAwMDAwMH0sInNjaGVtYV92ZXJzaW9uIjoiMSJ9",
          "dependencies": [
            "data.aws_availability_zones.available",
            "module.networking.aws_vpc.main"
          ]
        },
        {
          "index_key": 1,
          "schema_version": 1,
          "attributes": {
            "arn": "arn:aws:ec2:us-east-1:891819783983:subnet/subnet-09231a95cc7cc5895",
            "assign_ipv6_address_on_creation": false,
            "availability_zone": "us-east-1b",
            "availability_zone_id": "use1-az2",
            "cidr_block": "10.0.1.0/24",
            "customer_owned_ipv4_pool": "",
            "enable_dns64": false,
            "enable_lni_at_device_index": 0,
            "enable_resource_name_dns_a_record_on_launch": false,
            "enable_resource_name_dns_aaaa_record_on_launch": false,
            "id": "subnet-09231a95cc7cc5895",
            "ipv6_cidr_block": "",
            "ipv6_cidr_block_association_id": "",
            "ipv6_native": false,
            "map_customer_owned_ip_on_launch": false,
            "map_public_ip_on_launch": true,
            "outpost_arn": "",
            "owner_id": "891819783983",
            "private_dns_hostname_type_on_launch": "ip-name",
            "tags": {
              "Environment": "dev",
              "ManagedBy": "terraform",
              "Name": "service-ticket-system-dev-public-subnet-2",
              "Project": "service-ticket-system",
              "Type": "Public"
            },
            "tags_all": {
              "Environment": "dev",
              "ManagedBy": "terraform",
              "Name": "service-ticket-system-dev-public-subnet-2",
              "Project": "service-ticket-system",
              "Type": "Public"
            },
            "timeouts": null,
            "vpc_id": "vpc-0c6f9d9f788c0992c"
          },
          "sensitive_attributes": [],
          "identity_schema_version": 0,
          "private": "eyJlMmJmYjczMC1lY2FhLTExZTYtOGY4OC0zNDM2M2JjN2M0YzAiOnsiY3JlYXRlIjo2MDAwMDAwMDAwMDAsImRlbGV0ZSI6MTIwMDAwMDAwMDAwMH0sInNjaGVtYV92ZXJzaW9uIjoiMSJ9",
          "dependencies": [
            "data.aws_availability_zones.available",
            "module.networking.aws_vpc.main"
          ]
        },
        {
          "index_key": 2,
          "schema_version": 1,
          "attributes": {
            "arn": "arn:aws:ec2:us-east-1:891819783983:subnet/subnet-044f84f1b87c948e8",
            "assign_ipv6_address_on_creation": false,
            "availability_zone": "us-east-1c",
            "availability_zone_id": "use1-az4",
            "cidr_block": "10.0.2.0/24",
            "customer_owned_ipv4_pool": "",
            "enable_dns64": false,
            "enable_lni_at_device_index": 0,
            "enable_resource_name_dns_a_record_on_launch": false,
            "enable_resource_name_dns_aaaa_record_on_launch": false,
            "id": "subnet-044f84f1b87c948e8",
            "ipv6_cidr_block": "",
            "ipv6_cidr_block_association_id": "",
            "ipv6_native": false,
            "map_customer_owned_ip_on_launch": false,
            "map_public_ip_on_launch": true,
            "outpost_arn": "",
            "owner_id": "891819783983",
            "private_dns_hostname_type_on_launch": "ip-name",
            "tags": {
              "Environment": "dev",
              "ManagedBy": "terraform",
              "Name": "service-ticket-system-dev-public-subnet-3",
              "Project": "service-ticket-system",
              "Type": "Public"
            },
            "tags_all": {
              "Environment": "dev",
              "ManagedBy": "terraform",
              "Name": "service-ticket-system-dev-public-subnet-3",
              "Project": "service-ticket-system",
              "Type": "Public"
            },
            "timeouts": null,
            "vpc_id": "vpc-0c6f9d9f788c0992c"
          },
          "sensitive_attributes": [],
          "identity_schema_version": 0,
          "private": "eyJlMmJmYjczMC1lY2FhLTExZTYtOGY4OC0zNDM2M2JjN2M0YzAiOnsiY3JlYXRlIjo2MDAwMDAwMDAwMDAsImRlbGV0ZSI6MTIwMDAwMDAwMDAwMH0sInNjaGVtYV92ZXJzaW9uIjoiMSJ9",
          "dependencies": [
            "data.aws_availability_zones.available",
            "module.networking.aws_vpc.main"
          ]
        }
      ]
    },
    {
      "module": "module.networking",
      "mode": "managed",
      "type": "aws_vpc",
      "name": "main",
      "provider": "provider[\"registry.terraform.io/hashicorp/aws\"]",
      "instances": [
        {
          "schema_version": 1,
          "attributes": {
            "arn": "arn:aws:ec2:us-east-1:891819783983:vpc/vpc-0c6f9d9f788c0992c",
            "assign_generated_ipv6_cidr_block": false,
            "cidr_block": "10.0.0.0/16",
            "default_network_acl_id": "acl-0900f9176c096c7b5",
            "default_route_table_id": "rtb-032d8dd9e740df8d0",
            "default_security_group_id": "sg-088db19fbee929619",
            "dhcp_options_id": "dopt-09b7bd1e8750f84b6",
            "enable_dns_hostnames": true,
            "enable_dns_support": true,
            "enable_network_address_usage_metrics": false,
            "id": "vpc-0c6f9d9f788c0992c",
            "instance_tenancy": "default",
            "ipv4_ipam_pool_id": null,
            "ipv4_netmask_length": null,
            "ipv6_association_id": "",
            "ipv6_cidr_block": "",
            "ipv6_cidr_block_network_border_group": "",
            "ipv6_ipam_pool_id": "",
            "ipv6_netmask_length": 0,
            "main_route_table_id": "rtb-032d8dd9e740df8d0",
            "owner_id": "891819783983",
            "tags": {
              "Environment": "dev",
              "ManagedBy": "terraform",
              "Name": "service-ticket-system-dev-vpc",
              "Project": "service-ticket-system"
            },
            "tags_all": {
              "Environment": "dev",
              "ManagedBy": "terraform",
              "Name": "service-ticket-system-dev-vpc",
              "Project": "service-ticket-system"
            }
          },
          "sensitive_attributes": [],
          "identity_schema_version": 0,
          "private": "eyJzY2hlbWFfdmVyc2lvbiI6IjEifQ==",
          "create_before_destroy": true
        }
      ]
    },
    {
      "module": "module.secrets",
      "mode": "managed",
      "type": "aws_iam_policy",
      "name": "secrets_access",
      "provider": "provider[\"registry.terraform.io/hashicorp/aws\"]",
      "instances": [
        {
          "schema_version": 0,
          "attributes": {
            "arn": "arn:aws:iam::891819783983:policy/service-ticket-system-dev-secrets-access-policy",
            "attachment_count": 1,
            "description": "Policy to allow ECS tasks to access secrets",
            "id": "arn:aws:iam::891819783983:policy/service-ticket-system-dev-secrets-access-policy",
            "name": "service-ticket-system-dev-secrets-access-policy",
            "name_prefix": "",
            "path": "/",
            "policy": "{\"Statement\":[{\"Action\":[\"secretsmanager:GetSecretValue\",\"secretsmanager:DescribeSecret\"],\"Effect\":\"Allow\",\"Resource\":[\"arn:aws:secretsmanager:us-east-1:891819783983:secret:service-ticket-system-dev-db-master-password-a9lXPp\",\"arn:aws:secretsmanager:us-east-1:891819783983:secret:service-ticket-system-dev-jwt-secret-QV3fWi\",\"arn:aws:secretsmanager:us-east-1:891819783983:secret:service-ticket-system-dev-app-config-N1IJWl\"]}],\"Version\":\"2012-10-17\"}",
            "policy_id": "ANPA47JEZ64X7MEULIIGD",
            "tags": {
              "Environment": "dev",
              "ManagedBy": "terraform",
              "Name": "service-ticket-system-dev-secrets-access-policy",
              "Project": "service-ticket-system"
            },
            "tags_all": {
              "Environment": "dev",
              "ManagedBy": "terraform",
              "Name": "service-ticket-system-dev-secrets-access-policy",
              "Project": "service-ticket-system"
            }
          },
          "sensitive_attributes": [],
          "identity_schema_version": 0,
          "private": "bnVsbA==",
          "dependencies": [
            "module.secrets.aws_secretsmanager_secret.app_config",
            "module.secrets.aws_secretsmanager_secret.db_master_password",
            "module.secrets.aws_secretsmanager_secret.jwt_secret"
          ]
        }
      ]
    },
    {
      "module": "module.secrets",
      "mode": "managed",
      "type": "aws_iam_role",
      "name": "secrets_access",
      "provider": "provider[\"registry.terraform.io/hashicorp/aws\"]",
      "instances": [
        {
          "schema_version": 0,
          "attributes": {
            "arn": "arn:aws:iam::891819783983:role/service-ticket-system-dev-secrets-access-role",
            "assume_role_policy": "{\"Statement\":[{\"Action\":\"sts:AssumeRole\",\"Effect\":\"Allow\",\"Principal\":{\"Service\":\"ecs-tasks.amazonaws.com\"}}],\"Version\":\"2012-10-17\"}",
            "create_date": "2025-08-30T21:57:47Z",
            "description": "",
            "force_detach_policies": false,
            "id": "service-ticket-system-dev-secrets-access-role",
            "inline_policy": [],
            "managed_policy_arns": [
              "arn:aws:iam::891819783983:policy/service-ticket-system-dev-secrets-access-policy"
            ],
            "max_session_duration": 3600,
            "name": "service-ticket-system-dev-secrets-access-role",
            "name_prefix": "",
            "path": "/",
            "permissions_boundary": "",
            "tags": {
              "Environment": "dev",
              "ManagedBy": "terraform",
              "Name": "service-ticket-system-dev-secrets-access-role",
              "Project": "service-ticket-system"
            },
            "tags_all": {
              "Environment": "dev",
              "ManagedBy": "terraform",
              "Name": "service-ticket-system-dev-secrets-access-role",
              "Project": "service-ticket-system"
            },
            "unique_id": "AROA47JEZ64XVXFCUXDVO"
          },
          "sensitive_attributes": [],
          "identity_schema_version": 0,
          "private": "bnVsbA=="
        }
      ]
    },
    {
      "module": "module.secrets",
      "mode": "managed",
      "type": "aws_iam_role_policy_attachment",
      "name": "secrets_access",
      "provider": "provider[\"registry.terraform.io/hashicorp/aws\"]",
      "instances": [
        {
          "schema_version": 0,
          "attributes": {
            "id": "service-ticket-system-dev-secrets-access-role-2025083021575502670000000a",
            "policy_arn": "arn:aws:iam::891819783983:policy/service-ticket-system-dev-secrets-access-policy",
            "role": "service-ticket-system-dev-secrets-access-role"
          },
          "sensitive_attributes": [],
          "identity_schema_version": 0,
          "private": "bnVsbA==",
          "dependencies": [
            "module.secrets.aws_iam_policy.secrets_access",
            "module.secrets.aws_iam_role.secrets_access",
            "module.secrets.aws_secretsmanager_secret.app_config",
            "module.secrets.aws_secretsmanager_secret.db_master_password",
            "module.secrets.aws_secretsmanager_secret.jwt_secret"
          ]
        }
      ]
    },
    {
      "module": "module.secrets",
      "mode": "managed",
      "type": "aws_secretsmanager_secret",
      "name": "app_config",
      "provider": "provider[\"registry.terraform.io/hashicorp/aws\"]",
      "instances": [
        {
          "schema_version": 0,
          "attributes": {
            "arn": "arn:aws:secretsmanager:us-east-1:891819783983:secret:service-ticket-system-dev-app-config-N1IJWl",
            "description": "Application configuration secrets for service-ticket-system-dev",
            "force_overwrite_replica_secret": false,
            "id": "arn:aws:secretsmanager:us-east-1:891819783983:secret:service-ticket-system-dev-app-config-N1IJWl",
            "kms_key_id": "",
            "name": "service-ticket-system-dev-app-config",
            "name_prefix": "",
            "policy": "",
            "recovery_window_in_days": 7,
            "replica": [],
            "tags": {
              "Environment": "dev",
              "ManagedBy": "terraform",
              "Name": "service-ticket-system-dev-app-config",
              "Project": "service-ticket-system",
              "Type": "Application"
            },
            "tags_all": {
              "Environment": "dev",
              "ManagedBy": "terraform",
              "Name": "service-ticket-system-dev-app-config",
              "Project": "service-ticket-system",
              "Type": "Application"
            }
          },
          "sensitive_attributes": [],
          "identity_schema_version": 0,
          "private": "bnVsbA=="
        }
      ]
    },
    {
      "module": "module.secrets",
      "mode": "managed",
      "type": "aws_secretsmanager_secret",
      "name": "db_master_password",
      "provider": "provider[\"registry.terraform.io/hashicorp/aws\"]",
      "instances": [
        {
          "schema_version": 0,
          "attributes": {
            "arn": "arn:aws:secretsmanager:us-east-1:891819783983:secret:service-ticket-system-dev-db-master-password-a9lXPp",
            "description": "Database master password for service-ticket-system-dev",
            "force_overwrite_replica_secret": false,
            "id": "arn:aws:secretsmanager:us-east-1:891819783983:secret:service-ticket-system-dev-db-master-password-a9lXPp",
            "kms_key_id": "",
            "name": "service-ticket-system-dev-db-master-password",
            "name_prefix": "",
            "policy": "",
            "recovery_window_in_days": 7,
            "replica": [],
            "tags": {
              "Environment": "dev",
              "ManagedBy": "terraform",
              "Name": "service-ticket-system-dev-db-master-password",
              "Project": "service-ticket-system",
              "Type": "Database"
            },
            "tags_all": {
              "Environment": "dev",
              "ManagedBy": "terraform",
              "Name": "service-ticket-system-dev-db-master-password",
              "Project": "service-ticket-system",
              "Type": "Database"
            }
          },
          "sensitive_attributes": [],
          "identity_schema_version": 0,
          "private": "bnVsbA=="
        }
      ]
    },
    {
      "module": "module.secrets",
      "mode": "managed",
      "type": "aws_secretsmanager_secret",
      "name": "jwt_secret",
      "provider": "provider[\"registry.terraform.io/hashicorp/aws\"]",
      "instances": [
        {
          "schema_version": 0,
          "attributes": {
            "arn": "arn:aws:secretsmanager:us-east-1:891819783983:secret:service-ticket-system-dev-jwt-secret-QV3fWi",
            "description": "JWT signing secret for service-ticket-system-dev",
            "force_overwrite_replica_secret": false,
            "id": "arn:aws:secretsmanager:us-east-1:891819783983:secret:service-ticket-system-dev-jwt-secret-QV3fWi",
            "kms_key_id": "",
            "name": "service-ticket-system-dev-jwt-secret",
            "name_prefix": "",
            "policy": "",
            "recovery_window_in_days": 7,
            "replica": [],
            "tags": {
              "Environment": "dev",
              "ManagedBy": "terraform",
              "Name": "service-ticket-system-dev-jwt-secret",
              "Project": "service-ticket-system",
              "Type": "Application"
            },
            "tags_all": {
              "Environment": "dev",
              "ManagedBy": "terraform",
              "Name": "service-ticket-system-dev-jwt-secret",
              "Project": "service-ticket-system",
              "Type": "Application"
            }
          },
          "sensitive_attributes": [],
          "identity_schema_version": 0,
          "private": "bnVsbA=="
        }
      ]
    },
    {
      "module": "module.secrets",
      "mode": "managed",
      "type": "aws_secretsmanager_secret_version",
      "name": "app_config",
      "provider": "provider[\"registry.terraform.io/hashicorp/aws\"]",
      "instances": [
        {
          "schema_version": 0,
          "attributes": {
            "arn": "arn:aws:secretsmanager:us-east-1:891819783983:secret:service-ticket-system-dev-app-config-N1IJWl",
            "has_secret_string_wo": null,
            "id": "arn:aws:secretsmanager:us-east-1:891819783983:secret:service-ticket-system-dev-app-config-N1IJWl|terraform-20250830215751327000000006",
            "secret_binary": "",
            "secret_id": "arn:aws:secretsmanager:us-east-1:891819783983:secret:service-ticket-system-dev-app-config-N1IJWl",
            "secret_string": "{\"AI_SECRET\":\"\",\"API_KEY\":\"\",\"CLOUDFLARE_ACCOUNT_ID\":\"\",\"CLOUDFLARE_TOKEN\":\"\",\"ENCRYPTION_KEY\":\"vZwShoKW3Jv3HzrhJdZn5n5Wv8We1CoM\",\"REDIS_PASSWORD\":\"*oYPHsuJww(q!H51X%XsB_M\\u003eIAVQIcm7\",\"SMTP_PASSWORD\":\"\",\"WEBHOOK_SECRET\":\"\"}",
            "secret_string_wo": null,
            "secret_string_wo_version": null,
            "version_id": "terraform-20250830215751327000000006",
            "version_stages": [
              "AWSPREVIOUS"
            ]
          },
          "sensitive_attributes": [
            [
              {
                "type": "get_attr",
                "value": "secret_binary"
              }
            ],
            [
              {
                "type": "get_attr",
                "value": "secret_string"
              }
            ],
            [
              {
                "type": "get_attr",
                "value": "secret_string_wo"
              }
            ]
          ],
          "identity_schema_version": 0,
          "private": "bnVsbA==",
          "dependencies": [
            "module.secrets.aws_secretsmanager_secret.app_config",
            "module.secrets.random_password.encryption_key",
            "module.secrets.random_password.redis_password"
          ]
        }
      ]
    },
    {
      "module": "module.secrets",
      "mode": "managed",
      "type": "aws_secretsmanager_secret_version",
      "name": "db_master_password",
      "provider": "provider[\"registry.terraform.io/hashicorp/aws\"]",
      "instances": [
        {
          "schema_version": 0,
          "attributes": {
            "arn": "arn:aws:secretsmanager:us-east-1:891819783983:secret:service-ticket-system-dev-db-master-password-a9lXPp",
            "has_secret_string_wo": null,
            "id": "arn:aws:secretsmanager:us-east-1:891819783983:secret:service-ticket-system-dev-db-master-password-a9lXPp|terraform-20250830215752065200000008",
            "secret_binary": "",
            "secret_id": "arn:aws:secretsmanager:us-east-1:891819783983:secret:service-ticket-system-dev-db-master-password-a9lXPp",
            "secret_string": "Iwh=i8x\u003cYP=2upH:1=z\u003e\u003cRDPnp(\u003cD4Ua",
            "secret_string_wo": null,
            "secret_string_wo_version": null,
            "version_id": "terraform-20250830215752065200000008",
            "version_stages": [
              "AWSCURRENT"
            ]
          },
          "sensitive_attributes": [
            [
              {
                "type": "get_attr",
                "value": "secret_binary"
              }
            ],
            [
              {
                "type": "get_attr",
                "value": "secret_string"
              }
            ],
            [
              {
                "type": "get_attr",
                "value": "secret_string_wo"
              }
            ]
          ],
          "identity_schema_version": 0,
          "private": "bnVsbA==",
          "dependencies": [
            "module.secrets.aws_secretsmanager_secret.db_master_password",
            "module.secrets.random_password.db_master_password"
          ]
        }
      ]
    },
    {
      "module": "module.secrets",
      "mode": "managed",
      "type": "aws_secretsmanager_secret_version",
      "name": "jwt_secret",
      "provider": "provider[\"registry.terraform.io/hashicorp/aws\"]",
      "instances": [
        {
          "schema_version": 0,
          "attributes": {
            "arn": "arn:aws:secretsmanager:us-east-1:891819783983:secret:service-ticket-system-dev-jwt-secret-QV3fWi",
            "has_secret_string_wo": null,
            "id": "arn:aws:secretsmanager:us-east-1:891819783983:secret:service-ticket-system-dev-jwt-secret-QV3fWi|terraform-20250830215751228600000005",
            "secret_binary": "",
            "secret_id": "arn:aws:secretsmanager:us-east-1:891819783983:secret:service-ticket-system-dev-jwt-secret-QV3fWi",
            "secret_string": "mXYKr6EOhSOJeWSHRRrW4x7Yr44KRjQfN3ea6ReI0Z593kf8z8pVxjZg3KgWEXrS",
            "secret_string_wo": null,
            "secret_string_wo_version": null,
            "version_id": "terraform-20250830215751228600000005",
            "version_stages": [
              "AWSCURRENT"
            ]
          },
          "sensitive_attributes": [
            [
              {
                "type": "get_attr",
                "value": "secret_binary"
              }
            ],
            [
              {
                "type": "get_attr",
                "value": "secret_string"
              }
            ],
            [
              {
                "type": "get_attr",
                "value": "secret_string_wo"
              }
            ]
          ],
          "identity_schema_version": 0,
          "private": "bnVsbA==",
          "dependencies": [
            "module.secrets.aws_secretsmanager_secret.jwt_secret",
            "module.secrets.random_password.jwt_secret"
          ]
        }
      ]
    },
    {
      "module": "module.secrets",
      "mode": "managed",
      "type": "random_password",
      "name": "db_master_password",
      "provider": "provider[\"registry.terraform.io/hashicorp/random\"]",
      "instances": [
        {
          "index_key": 0,
          "schema_version": 3,
          "attributes": {
            "bcrypt_hash": "$2a$10$ResfA9D//yjm9/Wn.m/TAeqsoAFFrvyYTTeCO3pPisWc.UHpJpGmW",
            "id": "none",
            "keepers": null,
            "length": 32,
            "lower": true,
            "min_lower": 0,
            "min_numeric": 0,
            "min_special": 0,
            "min_upper": 0,
            "number": true,
            "numeric": true,
            "override_special": null,
            "result": "Iwh=i8x\u003cYP=2upH:1=z\u003e\u003cRDPnp(\u003cD4Ua",
            "special": true,
            "upper": true
          },
          "sensitive_attributes": [
            [
              {
                "type": "get_attr",
                "value": "bcrypt_hash"
              }
            ],
            [
              {
                "type": "get_attr",
                "value": "result"
              }
            ]
          ],
          "identity_schema_version": 0
        }
      ]
    },
    {
      "module": "module.secrets",
      "mode": "managed",
      "type": "random_password",
      "name": "encryption_key",
      "provider": "provider[\"registry.terraform.io/hashicorp/random\"]",
      "instances": [
        {
          "index_key": 0,
          "schema_version": 3,
          "attributes": {
            "bcrypt_hash": "$2a$10$HpsgUYDgTYLvId2JHUa1jOPFs7polx6MacbStMQ9KcDRAt8JoXHlG",
            "id": "none",
            "keepers": null,
            "length": 32,
            "lower": true,
            "min_lower": 0,
            "min_numeric": 0,
            "min_special": 0,
            "min_upper": 0,
            "number": true,
            "numeric": true,
            "override_special": null,
            "result": "vZwShoKW3Jv3HzrhJdZn5n5Wv8We1CoM",
            "special": false,
            "upper": true
          },
          "sensitive_attributes": [
            [
              {
                "type": "get_attr",
                "value": "bcrypt_hash"
              }
            ],
            [
              {
                "type": "get_attr",
                "value": "result"
              }
            ]
          ],
          "identity_schema_version": 0
        }
      ]
    },
    {
      "module": "module.secrets",
      "mode": "managed",
      "type": "random_password",
      "name": "jwt_secret",
      "provider": "provider[\"registry.terraform.io/hashicorp/random\"]",
      "instances": [
        {
          "index_key": 0,
          "schema_version": 3,
          "attributes": {
            "bcrypt_hash": "$2a$10$ImxU.ByJ60rRix3x/Rb/Y.di5BS/C9RhBKruaEqGfuz/O4L0kPmXq",
            "id": "none",
            "keepers": null,
            "length": 64,
            "lower": true,
            "min_lower": 0,
            "min_numeric": 0,
            "min_special": 0,
            "min_upper": 0,
            "number": true,
            "numeric": true,
            "override_special": null,
            "result": "mXYKr6EOhSOJeWSHRRrW4x7Yr44KRjQfN3ea6ReI0Z593kf8z8pVxjZg3KgWEXrS",
            "special": false,
            "upper": true
          },
          "sensitive_attributes": [
            [
              {
                "type": "get_attr",
                "value": "bcrypt_hash"
              }
            ],
            [
              {
                "type": "get_attr",
                "value": "result"
              }
            ]
          ],
          "identity_schema_version": 0
        }
      ]
    },
    {
      "module": "module.secrets",
      "mode": "managed",
      "type": "random_password",
      "name": "redis_password",
      "provider": "provider[\"registry.terraform.io/hashicorp/random\"]",
      "instances": [
        {
          "index_key": 0,
          "schema_version": 3,
          "attributes": {
            "bcrypt_hash": "$2a$10$u.Lk.jMoDuP6YOXYuuXh7OqpkxrPv6/7aEjzC0SG528azpuZvFXwu",
            "id": "none",
            "keepers": null,
            "length": 32,
            "lower": true,
            "min_lower": 0,
            "min_numeric": 0,
            "min_special": 0,
            "min_upper": 0,
            "number": true,
            "numeric": true,
            "override_special": null,
            "result": "*oYPHsuJww(q!H51X%XsB_M\u003eIAVQIcm7",
            "special": true,
            "upper": true
          },
          "sensitive_attributes": [
            [
              {
                "type": "get_attr",
                "value": "bcrypt_hash"
              }
            ],
            [
              {
                "type": "get_attr",
                "value": "result"
              }
            ]
          ],
          "identity_schema_version": 0
        }
      ]
    }
  ],
  "check_results": null
}
